// !$*UTF8*$!
{
	archiveVersion = 1;
	classes = {
	};
	objectVersion = 54;
	objects = {

/* Begin PBXBuildFile section */
		0A375A98E0209F4B791D23EA /* Pods_Thrive_Church_Official_AppTests.framework in Frameworks */ = {isa = PBXBuildFile; fileRef = 4A83C4A0DC8A0489DE7DA4CD /* Pods_Thrive_Church_Official_AppTests.framework */; };
		41341BF81D08716B0070AEF5 /* Social.framework in Frameworks */ = {isa = PBXBuildFile; fileRef = 41341BF71D08716B0070AEF5 /* Social.framework */; };
		413C263C1CFE3EFC00D8AE26 /* MessageUI.framework in Frameworks */ = {isa = PBXBuildFile; fileRef = 413C263B1CFE3EFC00D8AE26 /* MessageUI.framework */; };
		41FCF7F11CF21719006C366E /* AppDelegate.swift in Sources */ = {isa = PBXBuildFile; fileRef = 41FCF7F01CF21719006C366E /* AppDelegate.swift */; };
		41FCF8081CF21719006C366E /* Thrive_Community_ChurchTests.swift in Sources */ = {isa = PBXBuildFile; fileRef = 41FCF8071CF21719006C366E /* Thrive_Community_ChurchTests.swift */; };
		68C52DF074924D43C5FEBA5A /* Pods_Thrive_Church_Official_AppUITests.framework in Frameworks */ = {isa = PBXBuildFile; fileRef = 7CAFC81711DE067EE192456F /* Pods_Thrive_Church_Official_AppUITests.framework */; };
		DC096B9C24A81EDD00CFD252 /* ConfigurationExtension.swift in Sources */ = {isa = PBXBuildFile; fileRef = DC096B9B24A81EDD00CFD252 /* ConfigurationExtension.swift */; };
		DC096B9F24A8287400CFD252 /* ConfigurationSettingResponse.swift in Sources */ = {isa = PBXBuildFile; fileRef = DC096B9E24A8287400CFD252 /* ConfigurationSettingResponse.swift */; };
		DC096BA124A8292700CFD252 /* ConfigType.swift in Sources */ = {isa = PBXBuildFile; fileRef = DC096BA024A8292700CFD252 /* ConfigType.swift */; };
		DC096BA424A84FF400CFD252 /* ConfigKeys.swift in Sources */ = {isa = PBXBuildFile; fileRef = DC096BA324A84FF400CFD252 /* ConfigKeys.swift */; };
		DC096BA624A854A500CFD252 /* ConfigsCollection.swift in Sources */ = {isa = PBXBuildFile; fileRef = DC096BA524A854A500CFD252 /* ConfigsCollection.swift */; };
		DC096BA824A98F3300CFD252 /* ConfigSetting.swift in Sources */ = {isa = PBXBuildFile; fileRef = DC096BA724A98F3300CFD252 /* ConfigSetting.swift */; };
		DC0DE7F721EDA0A900820CE2 /* Reachability.swift in Sources */ = {isa = PBXBuildFile; fileRef = DC0DE7F621EDA0A900820CE2 /* Reachability.swift */; };
		DC0DE7F921EFF21C00820CE2 /* RecentlyPlayedViewController.swift in Sources */ = {isa = PBXBuildFile; fileRef = DC0DE7F821EFF21C00820CE2 /* RecentlyPlayedViewController.swift */; };
		DC0DE7FB21EFF41F00820CE2 /* RecentlyWatchedTableViewCell.swift in Sources */ = {isa = PBXBuildFile; fileRef = DC0DE7FA21EFF41F00820CE2 /* RecentlyWatchedTableViewCell.swift */; };
		DC0DE7FD21F01A1400820CE2 /* DataExtension.swift in Sources */ = {isa = PBXBuildFile; fileRef = DC0DE7FC21F01A1400820CE2 /* DataExtension.swift */; };
		DC0FB22B21CB400300908D06 /* SermonsCollectionViewCell.swift in Sources */ = {isa = PBXBuildFile; fileRef = DC0FB22A21CB400300908D06 /* SermonsCollectionViewCell.swift */; };
		DC13383F21E582580089B3DD /* DoubleExtension.swift in Sources */ = {isa = PBXBuildFile; fileRef = DC13383E21E582580089B3DD /* DoubleExtension.swift */; };
		DC13384121E584270089B3DD /* Storage.swift in Sources */ = {isa = PBXBuildFile; fileRef = DC13384021E584270089B3DD /* Storage.swift */; };
		DC1DE6D421FAD75E00E73838 /* SermonsSummaryPagedResponse.swift in Sources */ = {isa = PBXBuildFile; fileRef = DC1DE6D321FAD75E00E73838 /* SermonsSummaryPagedResponse.swift */; };
		DC1DE6D621FAD7E100E73838 /* PageInfo.swift in Sources */ = {isa = PBXBuildFile; fileRef = DC1DE6D521FAD7E100E73838 /* PageInfo.swift */; };
		DC1EBF7D21D84503001B1673 /* SermonAVPlayer.swift in Sources */ = {isa = PBXBuildFile; fileRef = DC1EBF7C21D84503001B1673 /* SermonAVPlayer.swift */; };
		DC1EBF7F21D84A37001B1673 /* NowPlayingViewController.swift in Sources */ = {isa = PBXBuildFile; fileRef = DC1EBF7E21D84A37001B1673 /* NowPlayingViewController.swift */; };
		DC1EBF8121D8812F001B1673 /* NowPlayingViewControllerExtension.swift in Sources */ = {isa = PBXBuildFile; fileRef = DC1EBF8021D8812F001B1673 /* NowPlayingViewControllerExtension.swift */; };
		DC21E1F120FBEDBA0054437D /* OnboardingController.swift in Sources */ = {isa = PBXBuildFile; fileRef = DC21E1F020FBEDBA0054437D /* OnboardingController.swift */; };
		DC21E1F320FBEE690054437D /* OnboardingPage.swift in Sources */ = {isa = PBXBuildFile; fileRef = DC21E1F220FBEE690054437D /* OnboardingPage.swift */; };
		DC21E1F620FBF0660054437D /* OnboardingCell.swift in Sources */ = {isa = PBXBuildFile; fileRef = DC21E1F520FBF0660054437D /* OnboardingCell.swift */; };
		DC21E1F820FBF1040054437D /* OnboardingControllerExtension.swift in Sources */ = {isa = PBXBuildFile; fileRef = DC21E1F720FBF1040054437D /* OnboardingControllerExtension.swift */; };
		DC246E2C21DA7A05007BA4D1 /* SermonDownloadsViewController.swift in Sources */ = {isa = PBXBuildFile; fileRef = DC246E2B21DA7A05007BA4D1 /* SermonDownloadsViewController.swift */; };
		DC246E3021DA7D57007BA4D1 /* ImageCache.swift in Sources */ = {isa = PBXBuildFile; fileRef = DC246E2F21DA7D57007BA4D1 /* ImageCache.swift */; };
		DC2D8F8420DC64D000C9C938 /* BiblePassage.swift in Sources */ = {isa = PBXBuildFile; fileRef = DC2D8F8320DC64D000C9C938 /* BiblePassage.swift */; };
		DC2D8F8A20DC6E1700C9C938 /* TraditionalSortBibleTableViewController.swift in Sources */ = {isa = PBXBuildFile; fileRef = DC2D8F8920DC6E1700C9C938 /* TraditionalSortBibleTableViewController.swift */; };
		DC2D8F8E20DC712A00C9C938 /* TableViewControllerExtension.swift in Sources */ = {isa = PBXBuildFile; fileRef = DC2D8F8D20DC712A00C9C938 /* TableViewControllerExtension.swift */; };
		DC3CAD3221E2497A00C17EAF /* DownloadedMessageTableViewCell.swift in Sources */ = {isa = PBXBuildFile; fileRef = DC3CAD3121E2497A00C17EAF /* DownloadedMessageTableViewCell.swift */; };
		DC3CAD3C21E2B94400C17EAF /* ListenCollectionViewController.swift in Sources */ = {isa = PBXBuildFile; fileRef = DC3CAD3B21E2B94400C17EAF /* ListenCollectionViewController.swift */; };
		DC3CAD3E21E2BDAC00C17EAF /* UITableViewExtension.swift in Sources */ = {isa = PBXBuildFile; fileRef = DC3CAD3D21E2BDAC00C17EAF /* UITableViewExtension.swift */; };
		DC64031F205783DE00176BFB /* TimestampExtension.swift in Sources */ = {isa = PBXBuildFile; fileRef = DC64031E205783DE00176BFB /* TimestampExtension.swift */; };
		DC7348B721D539FB0057227D /* SermonSeriesSummaryResponse.swift in Sources */ = {isa = PBXBuildFile; fileRef = DC7348B621D539FB0057227D /* SermonSeriesSummaryResponse.swift */; };
		DC7348B921D5D2500057227D /* UIImageViewExtension.swift in Sources */ = {isa = PBXBuildFile; fileRef = DC7348B821D5D2500057227D /* UIImageViewExtension.swift */; };
		DC7348BB21D5DE720057227D /* SermonSeriesResponse.swift in Sources */ = {isa = PBXBuildFile; fileRef = DC7348BA21D5DE720057227D /* SermonSeriesResponse.swift */; };
		DC7348BD21D5EE550057227D /* SeriesViewController.swift in Sources */ = {isa = PBXBuildFile; fileRef = DC7348BC21D5EE550057227D /* SeriesViewController.swift */; };
		DC7348BF21D6AB800057227D /* SermonMessage.swift in Sources */ = {isa = PBXBuildFile; fileRef = DC7348BE21D6AB800057227D /* SermonMessage.swift */; };
		DC7348C121D6AE5F0057227D /* SermonMessageTableViewCell.swift in Sources */ = {isa = PBXBuildFile; fileRef = DC7348C021D6AE5F0057227D /* SermonMessageTableViewCell.swift */; };
		DC7348C321D6BDFE0057227D /* StringExtensions.swift in Sources */ = {isa = PBXBuildFile; fileRef = DC7348C221D6BDFE0057227D /* StringExtensions.swift */; };
		DC735F4425E6D8300056CB65 /* RSSTableViewController.swift in Sources */ = {isa = PBXBuildFile; fileRef = DC735F4325E6D8300056CB65 /* RSSTableViewController.swift */; };
		DC735F4925E6D9050056CB65 /* RSSTableViewCell.swift in Sources */ = {isa = PBXBuildFile; fileRef = DC735F4825E6D9050056CB65 /* RSSTableViewCell.swift */; };
		DC7652721EEB5395007C0998 /* Assets.xcassets in Resources */ = {isa = PBXBuildFile; fileRef = DC7652711EEB5395007C0998 /* Assets.xcassets */; };
		DC98E1CD1D354F5500C9395B /* Thrive_Community_ChurchUITests.swift in Sources */ = {isa = PBXBuildFile; fileRef = 41FCF8121CF21719006C366E /* Thrive_Community_ChurchUITests.swift */; };
		DC9C0C0423B31AAC00C96788 /* ViewPlayerViewController.swift in Sources */ = {isa = PBXBuildFile; fileRef = DC9C0C0323B31AAC00C96788 /* ViewPlayerViewController.swift */; };
		DCA0A18C21F82A0A00C8A04B /* CustomCollectionFooterView.swift in Sources */ = {isa = PBXBuildFile; fileRef = DCA0A18B21F82A0A00C8A04B /* CustomCollectionFooterView.swift */; };
		DCA48C932C2A6B8F00381DEE /* DeviceTypeExtension.swift in Sources */ = {isa = PBXBuildFile; fileRef = DCA48C922C2A6B8F00381DEE /* DeviceTypeExtension.swift */; };
		DCACA58824F1E2FC004871D6 /* ConnectTableViewController.swift in Sources */ = {isa = PBXBuildFile; fileRef = DCACA58724F1E2FC004871D6 /* ConnectTableViewController.swift */; };
		DCACA58A24F30DFC004871D6 /* DynamicConfigResponse.swift in Sources */ = {isa = PBXBuildFile; fileRef = DCACA58924F30DFC004871D6 /* DynamicConfigResponse.swift */; };
		DCACA58C24FAE612004871D6 /* GenericSiteViewController.swift in Sources */ = {isa = PBXBuildFile; fileRef = DCACA58B24FAE612004871D6 /* GenericSiteViewController.swift */; };
		DCACA58E24FAF296004871D6 /* MoreTableViewController.swift in Sources */ = {isa = PBXBuildFile; fileRef = DCACA58D24FAF296004871D6 /* MoreTableViewController.swift */; };
		DCAPPCOORD1234567890123457 /* AppCoordinator.swift in Sources */ = {isa = PBXBuildFile; fileRef = DCAPPCOORD1234567890123456 /* AppCoordinator.swift */; };
		DCB15BEE252E319F002D28D8 /* GoogleService-Info.plist in Resources */ = {isa = PBXBuildFile; fileRef = DCB15BED252E319F002D28D8 /* GoogleService-Info.plist */; };
		DCB61AFA21CB009B0049FCA2 /* Config.plist in Resources */ = {isa = PBXBuildFile; fileRef = DCB61AF921CB009B0049FCA2 /* Config.plist */; };
		DCB61AFE21CB07B60049FCA2 /* ApplicationVariables.swift in Sources */ = {isa = PBXBuildFile; fileRef = DCB61AFD21CB07B60049FCA2 /* ApplicationVariables.swift */; };
		DCBA77AF20E1F49D002F6C17 /* AlphabeticalSortBibleTableViewController.swift in Sources */ = {isa = PBXBuildFile; fileRef = DCBA77AE20E1F49D002F6C17 /* AlphabeticalSortBibleTableViewController.swift */; };
		DCBAC83C2364881A0036E93E /* CoreAudio.framework in Frameworks */ = {isa = PBXBuildFile; fileRef = 41FF24A61D171EC30048E6AF /* CoreAudio.framework */; };
		DCBCE19721D11F6500E3DCA4 /* SermonSeriesSummary.swift in Sources */ = {isa = PBXBuildFile; fileRef = DCBCE19621D11F6500E3DCA4 /* SermonSeriesSummary.swift */; };
		DCBCE19A21D1204A00E3DCA4 /* ListenCollectionViewControllerRepoExtension.swift in Sources */ = {isa = PBXBuildFile; fileRef = DCBCE19921D1204A00E3DCA4 /* ListenCollectionViewControllerRepoExtension.swift */; };
		DCC2398C20FFFDC7005973FA /* UIColorExtension.swift in Sources */ = {isa = PBXBuildFile; fileRef = DCC2398B20FFFDC7005973FA /* UIColorExtension.swift */; };
		DCCA9B31245FB08900657EB7 /* BibleSelectionTableViewCell.swift in Sources */ = {isa = PBXBuildFile; fileRef = DCCA9B30245FB08900657EB7 /* BibleSelectionTableViewCell.swift */; };
		DCDFCE5C1FA00C700011AEC3 /* Pods_Thrive_Church_Official_App.framework in Frameworks */ = {isa = PBXBuildFile; fileRef = 72CB99E1F4640C3FCA51CD9F /* Pods_Thrive_Church_Official_App.framework */; };
		DCE362C11F0560E400725F11 /* LaunchScreen.storyboard in Resources */ = {isa = PBXBuildFile; fileRef = DC01B7F21F04936E002784E7 /* LaunchScreen.storyboard */; };
		DCE3630A1F05610600725F11 /* FGCUSiteViewController.swift in Sources */ = {isa = PBXBuildFile; fileRef = DC01B8431F0494FF002784E7 /* FGCUSiteViewController.swift */; };
		DCE3630B1F05610600725F11 /* FGCUSocialViewController.swift in Sources */ = {isa = PBXBuildFile; fileRef = DC01B8441F0494FF002784E7 /* FGCUSocialViewController.swift */; };
		DCE3630C1F05610600725F11 /* ThriveFGCUViewController.swift in Sources */ = {isa = PBXBuildFile; fileRef = DC01B8451F0494FF002784E7 /* ThriveFGCUViewController.swift */; };
		DCE3630D1F05610600725F11 /* MailChimpViewController.swift in Sources */ = {isa = PBXBuildFile; fileRef = DC01B8461F0494FF002784E7 /* MailChimpViewController.swift */; };
		DCE3630F1F05610600725F11 /* ServeViewController.swift in Sources */ = {isa = PBXBuildFile; fileRef = DC01B8481F0494FF002784E7 /* ServeViewController.swift */; };
		DCE363101F05610600725F11 /* SmallGroupViewController.swift in Sources */ = {isa = PBXBuildFile; fileRef = DC01B8491F0494FF002784E7 /* SmallGroupViewController.swift */; };
		DCE363181F05610600725F11 /* SocialViewController.swift in Sources */ = {isa = PBXBuildFile; fileRef = DC01B8531F0494FF002784E7 /* SocialViewController.swift */; };
		DCE3631B1F05610600725F11 /* DetailViewController.swift in Sources */ = {isa = PBXBuildFile; fileRef = DC01B8571F0494FF002784E7 /* DetailViewController.swift */; };
		DCE3631C1F05610600725F11 /* MasterViewController.swift in Sources */ = {isa = PBXBuildFile; fileRef = DC01B8581F0494FF002784E7 /* MasterViewController.swift */; };
		DCF6987A220A87AD001B1A0C /* ReadSermonPassageViewController.swift in Sources */ = {isa = PBXBuildFile; fileRef = DCF69879220A87AD001B1A0C /* ReadSermonPassageViewController.swift */; };
		DCF6987C220AA9DC001B1A0C /* GetPassageResponse.swift in Sources */ = {isa = PBXBuildFile; fileRef = DCF6987B220AA9DC001B1A0C /* GetPassageResponse.swift */; };
		DCF88FD420AE4E9000516C2D /* ViewControllerExtension.swift in Sources */ = {isa = PBXBuildFile; fileRef = DCF88FD320AE4E9000516C2D /* ViewControllerExtension.swift */; };
		DCF8A09725E6FB0C00B3A405 /* RSSViewController.swift in Sources */ = {isa = PBXBuildFile; fileRef = DCF8A09625E6FB0C00B3A405 /* RSSViewController.swift */; };
		DCF9385A252E254D009EACEF /* AudioToolbox.framework in Frameworks */ = {isa = PBXBuildFile; fileRef = 41FF24A51D171EC30048E6AF /* AudioToolbox.framework */; };
		DCFFCFDF2454087B007915E6 /* SermonMessageExtensions.swift in Sources */ = {isa = PBXBuildFile; fileRef = DCFFCFDE2454087B007915E6 /* SermonMessageExtensions.swift */; };
		DCUNARCHIVEREXT123456790 /* NSKeyedUnarchiverExtension.swift in Sources */ = {isa = PBXBuildFile; fileRef = DCUNARCHIVEREXT123456789 /* NSKeyedUnarchiverExtension.swift */; };
/* End PBXBuildFile section */

/* Begin PBXContainerItemProxy section */
		41FCF8041CF21719006C366E /* PBXContainerItemProxy */ = {
			isa = PBXContainerItemProxy;
			containerPortal = 41FCF7E51CF21719006C366E /* Project object */;
			proxyType = 1;
			remoteGlobalIDString = 41FCF7EC1CF21719006C366E;
			remoteInfo = "Thrive Community Church";
		};
		41FCF80F1CF21719006C366E /* PBXContainerItemProxy */ = {
			isa = PBXContainerItemProxy;
			containerPortal = 41FCF7E51CF21719006C366E /* Project object */;
			proxyType = 1;
			remoteGlobalIDString = 41FCF7EC1CF21719006C366E;
			remoteInfo = "Thrive Community Church";
		};
/* End PBXContainerItemProxy section */

/* Begin PBXCopyFilesBuildPhase section */
		EA37C15F1D85E13100D450EF /* Embed Foundation Extensions */ = {
			isa = PBXCopyFilesBuildPhase;
			buildActionMask = 2147483647;
			dstPath = "";
			dstSubfolderSpec = 13;
			files = (
			);
			name = "Embed Foundation Extensions";
			runOnlyForDeploymentPostprocessing = 0;
		};
/* End PBXCopyFilesBuildPhase section */

/* Begin PBXFileReference section */
		3A9E35DFAAD06ADCF74FFB55 /* Pods-Thrive Church Official App.release.xcconfig */ = {isa = PBXFileReference; includeInIndex = 1; lastKnownFileType = text.xcconfig; name = "Pods-Thrive Church Official App.release.xcconfig"; path = "Pods/Target Support Files/Pods-Thrive Church Official App/Pods-Thrive Church Official App.release.xcconfig"; sourceTree = "<group>"; };
		41341BF71D08716B0070AEF5 /* Social.framework */ = {isa = PBXFileReference; lastKnownFileType = wrapper.framework; name = Social.framework; path = System/Library/Frameworks/Social.framework; sourceTree = SDKROOT; };
		413C263B1CFE3EFC00D8AE26 /* MessageUI.framework */ = {isa = PBXFileReference; lastKnownFileType = wrapper.framework; name = MessageUI.framework; path = System/Library/Frameworks/MessageUI.framework; sourceTree = SDKROOT; };
		41FCF7ED1CF21719006C366E /* Thrive Church Official App.app */ = {isa = PBXFileReference; explicitFileType = wrapper.application; includeInIndex = 0; path = "Thrive Church Official App.app"; sourceTree = BUILT_PRODUCTS_DIR; };
		41FCF7F01CF21719006C366E /* AppDelegate.swift */ = {isa = PBXFileReference; lastKnownFileType = sourcecode.swift; path = AppDelegate.swift; sourceTree = "<group>"; };
		41FCF8031CF21719006C366E /* Thrive Church Official App.xctest */ = {isa = PBXFileReference; explicitFileType = wrapper.cfbundle; includeInIndex = 0; path = "Thrive Church Official App.xctest"; sourceTree = BUILT_PRODUCTS_DIR; };
		41FCF8071CF21719006C366E /* Thrive_Community_ChurchTests.swift */ = {isa = PBXFileReference; lastKnownFileType = sourcecode.swift; path = Thrive_Community_ChurchTests.swift; sourceTree = "<group>"; };
		41FCF8091CF21719006C366E /* Info.plist */ = {isa = PBXFileReference; lastKnownFileType = text.plist.xml; path = Info.plist; sourceTree = "<group>"; };
		41FCF80E1CF21719006C366E /* Thrive Church Official App.xctest */ = {isa = PBXFileReference; explicitFileType = wrapper.cfbundle; includeInIndex = 0; path = "Thrive Church Official App.xctest"; sourceTree = BUILT_PRODUCTS_DIR; };
		41FCF8121CF21719006C366E /* Thrive_Community_ChurchUITests.swift */ = {isa = PBXFileReference; lastKnownFileType = sourcecode.swift; path = Thrive_Community_ChurchUITests.swift; sourceTree = "<group>"; };
		41FCF8141CF21719006C366E /* Info.plist */ = {isa = PBXFileReference; lastKnownFileType = text.plist.xml; path = Info.plist; sourceTree = "<group>"; };
		41FF24A51D171EC30048E6AF /* AudioToolbox.framework */ = {isa = PBXFileReference; lastKnownFileType = wrapper.framework; name = AudioToolbox.framework; path = System/Library/Frameworks/AudioToolbox.framework; sourceTree = SDKROOT; };
		41FF24A61D171EC30048E6AF /* CoreAudio.framework */ = {isa = PBXFileReference; lastKnownFileType = wrapper.framework; name = CoreAudio.framework; path = System/Library/Frameworks/CoreAudio.framework; sourceTree = SDKROOT; };
		4714A7A16BA99F85B961AA2C /* Pods-Thrive Church Official AppUITests.debug.xcconfig */ = {isa = PBXFileReference; includeInIndex = 1; lastKnownFileType = text.xcconfig; name = "Pods-Thrive Church Official AppUITests.debug.xcconfig"; path = "Pods/Target Support Files/Pods-Thrive Church Official AppUITests/Pods-Thrive Church Official AppUITests.debug.xcconfig"; sourceTree = "<group>"; };
		4A83C4A0DC8A0489DE7DA4CD /* Pods_Thrive_Church_Official_AppTests.framework */ = {isa = PBXFileReference; explicitFileType = wrapper.framework; includeInIndex = 0; path = Pods_Thrive_Church_Official_AppTests.framework; sourceTree = BUILT_PRODUCTS_DIR; };
		69ABBACFA710DB195E637DB9 /* Pods-Thrive Church Official AppUITests.release.xcconfig */ = {isa = PBXFileReference; includeInIndex = 1; lastKnownFileType = text.xcconfig; name = "Pods-Thrive Church Official AppUITests.release.xcconfig"; path = "Pods/Target Support Files/Pods-Thrive Church Official AppUITests/Pods-Thrive Church Official AppUITests.release.xcconfig"; sourceTree = "<group>"; };
		72CB99E1F4640C3FCA51CD9F /* Pods_Thrive_Church_Official_App.framework */ = {isa = PBXFileReference; explicitFileType = wrapper.framework; includeInIndex = 0; path = Pods_Thrive_Church_Official_App.framework; sourceTree = BUILT_PRODUCTS_DIR; };
		768FC5C5EEAA1D1B388D8D19 /* Pods-Thrive Church Official AppTests.release.xcconfig */ = {isa = PBXFileReference; includeInIndex = 1; lastKnownFileType = text.xcconfig; name = "Pods-Thrive Church Official AppTests.release.xcconfig"; path = "Pods/Target Support Files/Pods-Thrive Church Official AppTests/Pods-Thrive Church Official AppTests.release.xcconfig"; sourceTree = "<group>"; };
		7CAFC81711DE067EE192456F /* Pods_Thrive_Church_Official_AppUITests.framework */ = {isa = PBXFileReference; explicitFileType = wrapper.framework; includeInIndex = 0; path = Pods_Thrive_Church_Official_AppUITests.framework; sourceTree = BUILT_PRODUCTS_DIR; };
		AC65D2616E3DDC1C6E1EF387 /* Pods-Thrive Church Official AppTests.debug.xcconfig */ = {isa = PBXFileReference; includeInIndex = 1; lastKnownFileType = text.xcconfig; name = "Pods-Thrive Church Official AppTests.debug.xcconfig"; path = "Pods/Target Support Files/Pods-Thrive Church Official AppTests/Pods-Thrive Church Official AppTests.debug.xcconfig"; sourceTree = "<group>"; };
		AFC35240AEAFA3ADBFDE705E /* Pods-Thrive Church Official App.debug.xcconfig */ = {isa = PBXFileReference; includeInIndex = 1; lastKnownFileType = text.xcconfig; name = "Pods-Thrive Church Official App.debug.xcconfig"; path = "Pods/Target Support Files/Pods-Thrive Church Official App/Pods-Thrive Church Official App.debug.xcconfig"; sourceTree = "<group>"; };
		DC01B7F01F04921B002784E7 /* Info.plist */ = {isa = PBXFileReference; lastKnownFileType = text.plist.xml; path = Info.plist; sourceTree = "<group>"; };
		DC01B7F21F04936E002784E7 /* LaunchScreen.storyboard */ = {isa = PBXFileReference; lastKnownFileType = file.storyboard; path = LaunchScreen.storyboard; sourceTree = "<group>"; };
		DC01B8431F0494FF002784E7 /* FGCUSiteViewController.swift */ = {isa = PBXFileReference; lastKnownFileType = sourcecode.swift; path = FGCUSiteViewController.swift; sourceTree = "<group>"; };
		DC01B8441F0494FF002784E7 /* FGCUSocialViewController.swift */ = {isa = PBXFileReference; lastKnownFileType = sourcecode.swift; path = FGCUSocialViewController.swift; sourceTree = "<group>"; };
		DC01B8451F0494FF002784E7 /* ThriveFGCUViewController.swift */ = {isa = PBXFileReference; lastKnownFileType = sourcecode.swift; path = ThriveFGCUViewController.swift; sourceTree = "<group>"; };
		DC01B8461F0494FF002784E7 /* MailChimpViewController.swift */ = {isa = PBXFileReference; lastKnownFileType = sourcecode.swift; path = MailChimpViewController.swift; sourceTree = "<group>"; };
		DC01B8481F0494FF002784E7 /* ServeViewController.swift */ = {isa = PBXFileReference; lastKnownFileType = sourcecode.swift; path = ServeViewController.swift; sourceTree = "<group>"; };
		DC01B8491F0494FF002784E7 /* SmallGroupViewController.swift */ = {isa = PBXFileReference; lastKnownFileType = sourcecode.swift; path = SmallGroupViewController.swift; sourceTree = "<group>"; };
		DC01B8531F0494FF002784E7 /* SocialViewController.swift */ = {isa = PBXFileReference; lastKnownFileType = sourcecode.swift; path = SocialViewController.swift; sourceTree = "<group>"; };
		DC01B8571F0494FF002784E7 /* DetailViewController.swift */ = {isa = PBXFileReference; lastKnownFileType = sourcecode.swift; path = DetailViewController.swift; sourceTree = "<group>"; };
		DC01B8581F0494FF002784E7 /* MasterViewController.swift */ = {isa = PBXFileReference; lastKnownFileType = sourcecode.swift; path = MasterViewController.swift; sourceTree = "<group>"; };
		DC096B9B24A81EDD00CFD252 /* ConfigurationExtension.swift */ = {isa = PBXFileReference; lastKnownFileType = sourcecode.swift; path = ConfigurationExtension.swift; sourceTree = "<group>"; };
		DC096B9E24A8287400CFD252 /* ConfigurationSettingResponse.swift */ = {isa = PBXFileReference; lastKnownFileType = sourcecode.swift; path = ConfigurationSettingResponse.swift; sourceTree = "<group>"; };
		DC096BA024A8292700CFD252 /* ConfigType.swift */ = {isa = PBXFileReference; lastKnownFileType = sourcecode.swift; path = ConfigType.swift; sourceTree = "<group>"; };
		DC096BA324A84FF400CFD252 /* ConfigKeys.swift */ = {isa = PBXFileReference; lastKnownFileType = sourcecode.swift; path = ConfigKeys.swift; sourceTree = "<group>"; };
		DC096BA524A854A500CFD252 /* ConfigsCollection.swift */ = {isa = PBXFileReference; lastKnownFileType = sourcecode.swift; path = ConfigsCollection.swift; sourceTree = "<group>"; };
		DC096BA724A98F3300CFD252 /* ConfigSetting.swift */ = {isa = PBXFileReference; lastKnownFileType = sourcecode.swift; path = ConfigSetting.swift; sourceTree = "<group>"; };
		DC0DE7F621EDA0A900820CE2 /* Reachability.swift */ = {isa = PBXFileReference; lastKnownFileType = sourcecode.swift; path = Reachability.swift; sourceTree = "<group>"; };
		DC0DE7F821EFF21C00820CE2 /* RecentlyPlayedViewController.swift */ = {isa = PBXFileReference; lastKnownFileType = sourcecode.swift; path = RecentlyPlayedViewController.swift; sourceTree = "<group>"; };
		DC0DE7FA21EFF41F00820CE2 /* RecentlyWatchedTableViewCell.swift */ = {isa = PBXFileReference; lastKnownFileType = sourcecode.swift; path = RecentlyWatchedTableViewCell.swift; sourceTree = "<group>"; };
		DC0DE7FC21F01A1400820CE2 /* DataExtension.swift */ = {isa = PBXFileReference; lastKnownFileType = sourcecode.swift; path = DataExtension.swift; sourceTree = "<group>"; };
		DC0FB22A21CB400300908D06 /* SermonsCollectionViewCell.swift */ = {isa = PBXFileReference; lastKnownFileType = sourcecode.swift; path = SermonsCollectionViewCell.swift; sourceTree = "<group>"; };
		DC13383E21E582580089B3DD /* DoubleExtension.swift */ = {isa = PBXFileReference; lastKnownFileType = sourcecode.swift; path = DoubleExtension.swift; sourceTree = "<group>"; };
		DC13384021E584270089B3DD /* Storage.swift */ = {isa = PBXFileReference; lastKnownFileType = sourcecode.swift; path = Storage.swift; sourceTree = "<group>"; };
		DC1DE6D321FAD75E00E73838 /* SermonsSummaryPagedResponse.swift */ = {isa = PBXFileReference; lastKnownFileType = sourcecode.swift; path = SermonsSummaryPagedResponse.swift; sourceTree = "<group>"; };
		DC1DE6D521FAD7E100E73838 /* PageInfo.swift */ = {isa = PBXFileReference; lastKnownFileType = sourcecode.swift; path = PageInfo.swift; sourceTree = "<group>"; };
		DC1EBF7C21D84503001B1673 /* SermonAVPlayer.swift */ = {isa = PBXFileReference; lastKnownFileType = sourcecode.swift; path = SermonAVPlayer.swift; sourceTree = "<group>"; };
		DC1EBF7E21D84A37001B1673 /* NowPlayingViewController.swift */ = {isa = PBXFileReference; lastKnownFileType = sourcecode.swift; path = NowPlayingViewController.swift; sourceTree = "<group>"; };
		DC1EBF8021D8812F001B1673 /* NowPlayingViewControllerExtension.swift */ = {isa = PBXFileReference; lastKnownFileType = sourcecode.swift; path = NowPlayingViewControllerExtension.swift; sourceTree = "<group>"; };
		DC21E1F020FBEDBA0054437D /* OnboardingController.swift */ = {isa = PBXFileReference; lastKnownFileType = sourcecode.swift; path = OnboardingController.swift; sourceTree = "<group>"; };
		DC21E1F220FBEE690054437D /* OnboardingPage.swift */ = {isa = PBXFileReference; lastKnownFileType = sourcecode.swift; path = OnboardingPage.swift; sourceTree = "<group>"; };
		DC21E1F520FBF0660054437D /* OnboardingCell.swift */ = {isa = PBXFileReference; lastKnownFileType = sourcecode.swift; path = OnboardingCell.swift; sourceTree = "<group>"; };
		DC21E1F720FBF1040054437D /* OnboardingControllerExtension.swift */ = {isa = PBXFileReference; lastKnownFileType = sourcecode.swift; path = OnboardingControllerExtension.swift; sourceTree = "<group>"; };
		DC246E2B21DA7A05007BA4D1 /* SermonDownloadsViewController.swift */ = {isa = PBXFileReference; lastKnownFileType = sourcecode.swift; path = SermonDownloadsViewController.swift; sourceTree = "<group>"; };
		DC246E2F21DA7D57007BA4D1 /* ImageCache.swift */ = {isa = PBXFileReference; lastKnownFileType = sourcecode.swift; path = ImageCache.swift; sourceTree = "<group>"; };
		DC2D8F8320DC64D000C9C938 /* BiblePassage.swift */ = {isa = PBXFileReference; lastKnownFileType = sourcecode.swift; path = BiblePassage.swift; sourceTree = "<group>"; };
		DC2D8F8920DC6E1700C9C938 /* TraditionalSortBibleTableViewController.swift */ = {isa = PBXFileReference; lastKnownFileType = sourcecode.swift; path = TraditionalSortBibleTableViewController.swift; sourceTree = "<group>"; };
		DC2D8F8D20DC712A00C9C938 /* TableViewControllerExtension.swift */ = {isa = PBXFileReference; lastKnownFileType = sourcecode.swift; path = TableViewControllerExtension.swift; sourceTree = "<group>"; };
		DC3835231F68D82600F05E8B /* NotificationCenter.framework */ = {isa = PBXFileReference; lastKnownFileType = wrapper.framework; name = NotificationCenter.framework; path = System/Library/Frameworks/NotificationCenter.framework; sourceTree = SDKROOT; };
		DC3835281F68D8C800F05E8B /* GoogleToolboxForMac.framework */ = {isa = PBXFileReference; explicitFileType = wrapper.framework; path = GoogleToolboxForMac.framework; sourceTree = BUILT_PRODUCTS_DIR; };
		DC3835291F68D8C800F05E8B /* nanopb.framework */ = {isa = PBXFileReference; explicitFileType = wrapper.framework; path = nanopb.framework; sourceTree = BUILT_PRODUCTS_DIR; };
		DC38352A1F68D8C800F05E8B /* Protobuf.framework */ = {isa = PBXFileReference; explicitFileType = wrapper.framework; path = Protobuf.framework; sourceTree = BUILT_PRODUCTS_DIR; };
		DC3CAD3121E2497A00C17EAF /* DownloadedMessageTableViewCell.swift */ = {isa = PBXFileReference; lastKnownFileType = sourcecode.swift; path = DownloadedMessageTableViewCell.swift; sourceTree = "<group>"; };
		DC3CAD3B21E2B94400C17EAF /* ListenCollectionViewController.swift */ = {isa = PBXFileReference; fileEncoding = 4; lastKnownFileType = sourcecode.swift; path = ListenCollectionViewController.swift; sourceTree = "<group>"; };
		DC3CAD3D21E2BDAC00C17EAF /* UITableViewExtension.swift */ = {isa = PBXFileReference; lastKnownFileType = sourcecode.swift; path = UITableViewExtension.swift; sourceTree = "<group>"; };
		DC5325061D3AA70D00BDB2B6 /* Thrive Community Church.entitlements */ = {isa = PBXFileReference; lastKnownFileType = text.xml; path = "Thrive Community Church.entitlements"; sourceTree = "<group>"; };
		DC64031E205783DE00176BFB /* TimestampExtension.swift */ = {isa = PBXFileReference; lastKnownFileType = sourcecode.swift; path = TimestampExtension.swift; sourceTree = "<group>"; };
		DC7348B621D539FB0057227D /* SermonSeriesSummaryResponse.swift */ = {isa = PBXFileReference; lastKnownFileType = sourcecode.swift; path = SermonSeriesSummaryResponse.swift; sourceTree = "<group>"; };
		DC7348B821D5D2500057227D /* UIImageViewExtension.swift */ = {isa = PBXFileReference; lastKnownFileType = sourcecode.swift; path = UIImageViewExtension.swift; sourceTree = "<group>"; };
		DC7348BA21D5DE720057227D /* SermonSeriesResponse.swift */ = {isa = PBXFileReference; lastKnownFileType = sourcecode.swift; path = SermonSeriesResponse.swift; sourceTree = "<group>"; };
		DC7348BC21D5EE550057227D /* SeriesViewController.swift */ = {isa = PBXFileReference; lastKnownFileType = sourcecode.swift; path = SeriesViewController.swift; sourceTree = "<group>"; };
		DC7348BE21D6AB800057227D /* SermonMessage.swift */ = {isa = PBXFileReference; lastKnownFileType = sourcecode.swift; path = "\U0010SermonMessage.swift"; sourceTree = "<group>"; };
		DC7348C021D6AE5F0057227D /* SermonMessageTableViewCell.swift */ = {isa = PBXFileReference; lastKnownFileType = sourcecode.swift; path = SermonMessageTableViewCell.swift; sourceTree = "<group>"; };
		DC7348C221D6BDFE0057227D /* StringExtensions.swift */ = {isa = PBXFileReference; lastKnownFileType = sourcecode.swift; path = StringExtensions.swift; sourceTree = "<group>"; };
		DC735F4325E6D8300056CB65 /* RSSTableViewController.swift */ = {isa = PBXFileReference; lastKnownFileType = sourcecode.swift; path = RSSTableViewController.swift; sourceTree = "<group>"; };
		DC735F4825E6D9050056CB65 /* RSSTableViewCell.swift */ = {isa = PBXFileReference; lastKnownFileType = sourcecode.swift; path = RSSTableViewCell.swift; sourceTree = "<group>"; };
		DC7652711EEB5395007C0998 /* Assets.xcassets */ = {isa = PBXFileReference; lastKnownFileType = folder.assetcatalog; path = Assets.xcassets; sourceTree = "<group>"; };
		DC9C0C0323B31AAC00C96788 /* ViewPlayerViewController.swift */ = {isa = PBXFileReference; lastKnownFileType = sourcecode.swift; path = ViewPlayerViewController.swift; sourceTree = "<group>"; };
		DCA0A18B21F82A0A00C8A04B /* CustomCollectionFooterView.swift */ = {isa = PBXFileReference; lastKnownFileType = sourcecode.swift; path = CustomCollectionFooterView.swift; sourceTree = "<group>"; };
		DCA48C922C2A6B8F00381DEE /* DeviceTypeExtension.swift */ = {isa = PBXFileReference; fileEncoding = 4; lastKnownFileType = sourcecode.swift; name = DeviceTypeExtension.swift; path = "Thrive Community Church/Extensions/DeviceTypeExtension.swift"; sourceTree = SOURCE_ROOT; };
		DCA554461F6AD47B00E00006 /* Protobuf.framework */ = {isa = PBXFileReference; explicitFileType = wrapper.framework; path = Protobuf.framework; sourceTree = BUILT_PRODUCTS_DIR; };
		DCACA58724F1E2FC004871D6 /* ConnectTableViewController.swift */ = {isa = PBXFileReference; lastKnownFileType = sourcecode.swift; path = ConnectTableViewController.swift; sourceTree = "<group>"; };
		DCACA58924F30DFC004871D6 /* DynamicConfigResponse.swift */ = {isa = PBXFileReference; lastKnownFileType = sourcecode.swift; path = DynamicConfigResponse.swift; sourceTree = "<group>"; };
		DCACA58B24FAE612004871D6 /* GenericSiteViewController.swift */ = {isa = PBXFileReference; lastKnownFileType = sourcecode.swift; path = GenericSiteViewController.swift; sourceTree = "<group>"; };
		DCACA58D24FAF296004871D6 /* MoreTableViewController.swift */ = {isa = PBXFileReference; lastKnownFileType = sourcecode.swift; path = MoreTableViewController.swift; sourceTree = "<group>"; };
		DCAPPCOORD1234567890123456 /* AppCoordinator.swift */ = {isa = PBXFileReference; lastKnownFileType = sourcecode.swift; path = AppCoordinator.swift; sourceTree = "<group>"; };
		DCB15BED252E319F002D28D8 /* GoogleService-Info.plist */ = {isa = PBXFileReference; fileEncoding = 4; lastKnownFileType = text.plist.xml; path = "GoogleService-Info.plist"; sourceTree = "<group>"; };
		DCB61AF921CB009B0049FCA2 /* Config.plist */ = {isa = PBXFileReference; lastKnownFileType = text.plist.xml; path = Config.plist; sourceTree = "<group>"; };
		DCB61AFD21CB07B60049FCA2 /* ApplicationVariables.swift */ = {isa = PBXFileReference; lastKnownFileType = sourcecode.swift; path = ApplicationVariables.swift; sourceTree = "<group>"; };
		DCBA77AE20E1F49D002F6C17 /* AlphabeticalSortBibleTableViewController.swift */ = {isa = PBXFileReference; lastKnownFileType = sourcecode.swift; path = AlphabeticalSortBibleTableViewController.swift; sourceTree = "<group>"; };
		DCBCE19621D11F6500E3DCA4 /* SermonSeriesSummary.swift */ = {isa = PBXFileReference; lastKnownFileType = sourcecode.swift; path = SermonSeriesSummary.swift; sourceTree = "<group>"; };
		DCBCE19921D1204A00E3DCA4 /* ListenCollectionViewControllerRepoExtension.swift */ = {isa = PBXFileReference; lastKnownFileType = sourcecode.swift; path = ListenCollectionViewControllerRepoExtension.swift; sourceTree = "<group>"; };
		DCC2398B20FFFDC7005973FA /* UIColorExtension.swift */ = {isa = PBXFileReference; lastKnownFileType = sourcecode.swift; path = UIColorExtension.swift; sourceTree = "<group>"; };
		DCCA9B30245FB08900657EB7 /* BibleSelectionTableViewCell.swift */ = {isa = PBXFileReference; lastKnownFileType = sourcecode.swift; path = BibleSelectionTableViewCell.swift; sourceTree = "<group>"; };
		DCCC096E1F68DEC5003395C0 /* UserNotifications.framework */ = {isa = PBXFileReference; lastKnownFileType = wrapper.framework; name = UserNotifications.framework; path = System/Library/Frameworks/UserNotifications.framework; sourceTree = SDKROOT; };
		DCF69879220A87AD001B1A0C /* ReadSermonPassageViewController.swift */ = {isa = PBXFileReference; lastKnownFileType = sourcecode.swift; path = ReadSermonPassageViewController.swift; sourceTree = "<group>"; };
		DCF6987B220AA9DC001B1A0C /* GetPassageResponse.swift */ = {isa = PBXFileReference; lastKnownFileType = sourcecode.swift; path = GetPassageResponse.swift; sourceTree = "<group>"; };
		DCF88FD320AE4E9000516C2D /* ViewControllerExtension.swift */ = {isa = PBXFileReference; lastKnownFileType = sourcecode.swift; path = ViewControllerExtension.swift; sourceTree = "<group>"; };
		DCF8A09625E6FB0C00B3A405 /* RSSViewController.swift */ = {isa = PBXFileReference; lastKnownFileType = sourcecode.swift; path = RSSViewController.swift; sourceTree = "<group>"; };
		DCFFCFDE2454087B007915E6 /* SermonMessageExtensions.swift */ = {isa = PBXFileReference; lastKnownFileType = sourcecode.swift; path = SermonMessageExtensions.swift; sourceTree = "<group>"; };
		DCUNARCHIVEREXT123456789 /* NSKeyedUnarchiverExtension.swift */ = {isa = PBXFileReference; lastKnownFileType = sourcecode.swift; path = NSKeyedUnarchiverExtension.swift; sourceTree = "<group>"; };
		EA37C14F1D85BEE500D450EF /* Thrive Church Official App.entitlements */ = {isa = PBXFileReference; lastKnownFileType = text.plist.entitlements; name = "Thrive Church Official App.entitlements"; path = "../Thrive Church Official App.entitlements"; sourceTree = "<group>"; };
/* End PBXFileReference section */

/* Begin PBXFrameworksBuildPhase section */
		41FCF7EA1CF21719006C366E /* Frameworks */ = {
			isa = PBXFrameworksBuildPhase;
			buildActionMask = 2147483647;
			files = (
				DCDFCE5C1FA00C700011AEC3 /* Pods_Thrive_Church_Official_App.framework in Frameworks */,
				41341BF81D08716B0070AEF5 /* Social.framework in Frameworks */,
				DCF9385A252E254D009EACEF /* AudioToolbox.framework in Frameworks */,
				DCBAC83C2364881A0036E93E /* CoreAudio.framework in Frameworks */,
				413C263C1CFE3EFC00D8AE26 /* MessageUI.framework in Frameworks */,
			);
			runOnlyForDeploymentPostprocessing = 0;
		};
		41FCF8001CF21719006C366E /* Frameworks */ = {
			isa = PBXFrameworksBuildPhase;
			buildActionMask = 2147483647;
			files = (
				0A375A98E0209F4B791D23EA /* Pods_Thrive_Church_Official_AppTests.framework in Frameworks */,
			);
			runOnlyForDeploymentPostprocessing = 0;
		};
		41FCF80B1CF21719006C366E /* Frameworks */ = {
			isa = PBXFrameworksBuildPhase;
			buildActionMask = 2147483647;
			files = (
				68C52DF074924D43C5FEBA5A /* Pods_Thrive_Church_Official_AppUITests.framework in Frameworks */,
			);
			runOnlyForDeploymentPostprocessing = 0;
		};
/* End PBXFrameworksBuildPhase section */

/* Begin PBXGroup section */
		2BCCCAB7592EFC8351ADA4D8 /* Pods */ = {
			isa = PBXGroup;
			children = (
				AFC35240AEAFA3ADBFDE705E /* Pods-Thrive Church Official App.debug.xcconfig */,
				3A9E35DFAAD06ADCF74FFB55 /* Pods-Thrive Church Official App.release.xcconfig */,
				AC65D2616E3DDC1C6E1EF387 /* Pods-Thrive Church Official AppTests.debug.xcconfig */,
				768FC5C5EEAA1D1B388D8D19 /* Pods-Thrive Church Official AppTests.release.xcconfig */,
				4714A7A16BA99F85B961AA2C /* Pods-Thrive Church Official AppUITests.debug.xcconfig */,
				69ABBACFA710DB195E637DB9 /* Pods-Thrive Church Official AppUITests.release.xcconfig */,
			);
			name = Pods;
			sourceTree = "<group>";
		};
		41FCF7E41CF21719006C366E = {
			isa = PBXGroup;
			children = (
				DCB61AF921CB009B0049FCA2 /* Config.plist */,
				DCB15BED252E319F002D28D8 /* GoogleService-Info.plist */,
				DC01B7F21F04936E002784E7 /* LaunchScreen.storyboard */,
				DC7652711EEB5395007C0998 /* Assets.xcassets */,
				41FF24A51D171EC30048E6AF /* AudioToolbox.framework */,
				41FF24A61D171EC30048E6AF /* CoreAudio.framework */,
				41341BF71D08716B0070AEF5 /* Social.framework */,
				413C263B1CFE3EFC00D8AE26 /* MessageUI.framework */,
				41FCF7EF1CF21719006C366E /* Thrive Community Church */,
				41FCF8061CF21719006C366E /* Thrive Community ChurchTests */,
				41FCF8111CF21719006C366E /* Thrive Community ChurchUITests */,
				41FCF7EE1CF21719006C366E /* Products */,
				2BCCCAB7592EFC8351ADA4D8 /* Pods */,
				C7C0921F61B47B791415949E /* Frameworks */,
			);
			sourceTree = "<group>";
		};
		41FCF7EE1CF21719006C366E /* Products */ = {
			isa = PBXGroup;
			children = (
				41FCF7ED1CF21719006C366E /* Thrive Church Official App.app */,
				41FCF8031CF21719006C366E /* Thrive Church Official App.xctest */,
				41FCF80E1CF21719006C366E /* Thrive Church Official App.xctest */,
			);
			name = Products;
			sourceTree = "<group>";
		};
		41FCF7EF1CF21719006C366E /* Thrive Community Church */ = {
			isa = PBXGroup;
			children = (
				DC5325061D3AA70D00BDB2B6 /* Thrive Community Church.entitlements */,
				41FCF7F01CF21719006C366E /* AppDelegate.swift */,
				DCAPPCOORD1234567890123456 /* AppCoordinator.swift */,
				DC01B7F71F0494FF002784E7 /* MainViewControllers */,
				DC01B7F41F0494EE002784E7 /* Extensions */,
				DC01B7EF1F04921B002784E7 /* Properties */,
				EA37C14F1D85BEE500D450EF /* Thrive Church Official App.entitlements */,
			);
			path = "Thrive Community Church";
			sourceTree = "<group>";
		};
		41FCF8061CF21719006C366E /* Thrive Community ChurchTests */ = {
			isa = PBXGroup;
			children = (
				41FCF8071CF21719006C366E /* Thrive_Community_ChurchTests.swift */,
				41FCF8091CF21719006C366E /* Info.plist */,
			);
			path = "Thrive Community ChurchTests";
			sourceTree = "<group>";
		};
		41FCF8111CF21719006C366E /* Thrive Community ChurchUITests */ = {
			isa = PBXGroup;
			children = (
				41FCF8121CF21719006C366E /* Thrive_Community_ChurchUITests.swift */,
				41FCF8141CF21719006C366E /* Info.plist */,
			);
			path = "Thrive Community ChurchUITests";
			sourceTree = "<group>";
		};
		C7C0921F61B47B791415949E /* Frameworks */ = {
			isa = PBXGroup;
			children = (
				DCA554461F6AD47B00E00006 /* Protobuf.framework */,
				DCCC096E1F68DEC5003395C0 /* UserNotifications.framework */,
				DC3835281F68D8C800F05E8B /* GoogleToolboxForMac.framework */,
				DC3835291F68D8C800F05E8B /* nanopb.framework */,
				DC38352A1F68D8C800F05E8B /* Protobuf.framework */,
				DC3835231F68D82600F05E8B /* NotificationCenter.framework */,
				72CB99E1F4640C3FCA51CD9F /* Pods_Thrive_Church_Official_App.framework */,
				4A83C4A0DC8A0489DE7DA4CD /* Pods_Thrive_Church_Official_AppTests.framework */,
				7CAFC81711DE067EE192456F /* Pods_Thrive_Church_Official_AppUITests.framework */,
			);
			name = Frameworks;
			sourceTree = "<group>";
		};
		DC01B7EF1F04921B002784E7 /* Properties */ = {
			isa = PBXGroup;
			children = (
				DC01B7F01F04921B002784E7 /* Info.plist */,
			);
			path = Properties;
			sourceTree = "<group>";
		};
		DC01B7F41F0494EE002784E7 /* Extensions */ = {
			isa = PBXGroup;
			children = (
				DC096BA224A84FBA00CFD252 /* Configurations */,
				DCB61AFD21CB07B60049FCA2 /* ApplicationVariables.swift */,
				DC64031E205783DE00176BFB /* TimestampExtension.swift */,
				DCF88FD320AE4E9000516C2D /* ViewControllerExtension.swift */,
				DC2D8F8D20DC712A00C9C938 /* TableViewControllerExtension.swift */,
				DCC2398B20FFFDC7005973FA /* UIColorExtension.swift */,
				DC7348B821D5D2500057227D /* UIImageViewExtension.swift */,
				DC21E1F420FBEE820054437D /* Onboarding */,
				DC7348C221D6BDFE0057227D /* StringExtensions.swift */,
				DC3CAD3D21E2BDAC00C17EAF /* UITableViewExtension.swift */,
				DC13383E21E582580089B3DD /* DoubleExtension.swift */,
				DC13384021E584270089B3DD /* Storage.swift */,
				DC0DE7F621EDA0A900820CE2 /* Reachability.swift */,
				DC0DE7FC21F01A1400820CE2 /* DataExtension.swift */,
				DCFFCFDE2454087B007915E6 /* SermonMessageExtensions.swift */,
				DCUNARCHIVEREXT123456789 /* NSKeyedUnarchiverExtension.swift */,
			);
			path = Extensions;
			sourceTree = "<group>";
		};
		DC01B7F71F0494FF002784E7 /* MainViewControllers */ = {
			isa = PBXGroup;
			children = (
				DC01B7F81F0494FF002784E7 /* Bible */,
				DC01B83B1F0494FF002784E7 /* Connect */,
				DC01B84A1F0494FF002784E7 /* Listen */,
				DC01B84C1F0494FF002784E7 /* More */,
				DC01B8561F0494FF002784E7 /* Notes */,
			);
			path = MainViewControllers;
			sourceTree = "<group>";
		};
		DC01B7F81F0494FF002784E7 /* Bible */ = {
			isa = PBXGroup;
			children = (
				DC2D8F8320DC64D000C9C938 /* BiblePassage.swift */,
				DC2D8F8920DC6E1700C9C938 /* TraditionalSortBibleTableViewController.swift */,
				DCBA77AE20E1F49D002F6C17 /* AlphabeticalSortBibleTableViewController.swift */,
			);
			path = Bible;
			sourceTree = "<group>";
		};
		DC01B83B1F0494FF002784E7 /* Connect */ = {
			isa = PBXGroup;
			children = (
				DC01B83F1F0494FF002784E7 /* FGCU */,
				DC01B8461F0494FF002784E7 /* MailChimpViewController.swift */,
				DC01B8481F0494FF002784E7 /* ServeViewController.swift */,
				DC01B8491F0494FF002784E7 /* SmallGroupViewController.swift */,
				DCACA58724F1E2FC004871D6 /* ConnectTableViewController.swift */,
				DC735F4325E6D8300056CB65 /* RSSTableViewController.swift */,
				DC735F4825E6D9050056CB65 /* RSSTableViewCell.swift */,
				DCF8A09625E6FB0C00B3A405 /* RSSViewController.swift */,
			);
			path = Connect;
			sourceTree = "<group>";
		};
		DC01B83F1F0494FF002784E7 /* FGCU */ = {
			isa = PBXGroup;
			children = (
				DC01B8431F0494FF002784E7 /* FGCUSiteViewController.swift */,
				DC01B8441F0494FF002784E7 /* FGCUSocialViewController.swift */,
				DC01B8451F0494FF002784E7 /* ThriveFGCUViewController.swift */,
			);
			path = FGCU;
			sourceTree = "<group>";
		};
		DC01B84A1F0494FF002784E7 /* Listen */ = {
			isa = PBXGroup;
			children = (
				DC3CAD3421E2B52C00C17EAF /* Controllers */,
				DC3CAD3321E2B4A100C17EAF /* Views */,
				DCBCE19821D1200F00E3DCA4 /* Models */,
			);
			path = Listen;
			sourceTree = "<group>";
		};
		DC01B84C1F0494FF002784E7 /* More */ = {
			isa = PBXGroup;
			children = (
				DC01B8531F0494FF002784E7 /* SocialViewController.swift */,
				DCACA58B24FAE612004871D6 /* GenericSiteViewController.swift */,
				DCACA58D24FAF296004871D6 /* MoreTableViewController.swift */,
			);
			path = More;
			sourceTree = "<group>";
		};
		DC01B8561F0494FF002784E7 /* Notes */ = {
			isa = PBXGroup;
			children = (
				DC01B8571F0494FF002784E7 /* DetailViewController.swift */,
				DC01B8581F0494FF002784E7 /* MasterViewController.swift */,
			);
			path = Notes;
			sourceTree = "<group>";
		};
		DC096BA224A84FBA00CFD252 /* Configurations */ = {
			isa = PBXGroup;
			children = (
				DC096B9E24A8287400CFD252 /* ConfigurationSettingResponse.swift */,
				DC096B9B24A81EDD00CFD252 /* ConfigurationExtension.swift */,
				DC096BA024A8292700CFD252 /* ConfigType.swift */,
				DC096BA324A84FF400CFD252 /* ConfigKeys.swift */,
				DC096BA524A854A500CFD252 /* ConfigsCollection.swift */,
				DC096BA724A98F3300CFD252 /* ConfigSetting.swift */,
				DCACA58924F30DFC004871D6 /* DynamicConfigResponse.swift */,
			);
			path = Configurations;
			sourceTree = "<group>";
		};
		DC21E1F420FBEE820054437D /* Onboarding */ = {
			isa = PBXGroup;
			children = (
				DC21E1F020FBEDBA0054437D /* OnboardingController.swift */,
				DC21E1F220FBEE690054437D /* OnboardingPage.swift */,
				DC21E1F520FBF0660054437D /* OnboardingCell.swift */,
				DC21E1F720FBF1040054437D /* OnboardingControllerExtension.swift */,
			);
			path = Onboarding;
			sourceTree = "<group>";
		};
		DC3CAD3321E2B4A100C17EAF /* Views */ = {
			isa = PBXGroup;
			children = (
				DC3CAD3121E2497A00C17EAF /* DownloadedMessageTableViewCell.swift */,
				DC0FB22A21CB400300908D06 /* SermonsCollectionViewCell.swift */,
				DC7348C021D6AE5F0057227D /* SermonMessageTableViewCell.swift */,
				DC0DE7FA21EFF41F00820CE2 /* RecentlyWatchedTableViewCell.swift */,
				DCA0A18B21F82A0A00C8A04B /* CustomCollectionFooterView.swift */,
				DCCA9B30245FB08900657EB7 /* BibleSelectionTableViewCell.swift */,
			);
			path = Views;
			sourceTree = "<group>";
		};
		DC3CAD3421E2B52C00C17EAF /* Controllers */ = {
			isa = PBXGroup;
			children = (
				DC3CAD3B21E2B94400C17EAF /* ListenCollectionViewController.swift */,
				DCBCE19921D1204A00E3DCA4 /* ListenCollectionViewControllerRepoExtension.swift */,
				DC1EBF7E21D84A37001B1673 /* NowPlayingViewController.swift */,
				DCA48C922C2A6B8F00381DEE /* DeviceTypeExtension.swift */,
				DC1EBF8021D8812F001B1673 /* NowPlayingViewControllerExtension.swift */,
				DC7348BC21D5EE550057227D /* SeriesViewController.swift */,
				DC246E2B21DA7A05007BA4D1 /* SermonDownloadsViewController.swift */,
				DC0DE7F821EFF21C00820CE2 /* RecentlyPlayedViewController.swift */,
				DCF69879220A87AD001B1A0C /* ReadSermonPassageViewController.swift */,
				DC9C0C0323B31AAC00C96788 /* ViewPlayerViewController.swift */,
			);
			path = Controllers;
			sourceTree = "<group>";
		};
		DCBCE19821D1200F00E3DCA4 /* Models */ = {
			isa = PBXGroup;
			children = (
				DC246E2F21DA7D57007BA4D1 /* ImageCache.swift */,
				DC1EBF7C21D84503001B1673 /* SermonAVPlayer.swift */,
				DC7348BE21D6AB800057227D /* SermonMessage.swift */,
				DCBCE19621D11F6500E3DCA4 /* SermonSeriesSummary.swift */,
				DC7348B621D539FB0057227D /* SermonSeriesSummaryResponse.swift */,
				DC7348BA21D5DE720057227D /* SermonSeriesResponse.swift */,
				DC1DE6D321FAD75E00E73838 /* SermonsSummaryPagedResponse.swift */,
				DC1DE6D521FAD7E100E73838 /* PageInfo.swift */,
				DCF6987B220AA9DC001B1A0C /* GetPassageResponse.swift */,
			);
			path = Models;
			sourceTree = "<group>";
		};
/* End PBXGroup section */

/* Begin PBXNativeTarget section */
		41FCF7EC1CF21719006C366E /* Thrive Church Official App */ = {
			isa = PBXNativeTarget;
			buildConfigurationList = 41FCF8171CF21719006C366E /* Build configuration list for PBXNativeTarget "Thrive Church Official App" */;
			buildPhases = (
				DC974C8A3BE4A129CEEF0528 /* [CP] Check Pods Manifest.lock */,
				41FCF7E91CF21719006C366E /* Sources */,
				41FCF7EA1CF21719006C366E /* Frameworks */,
				41FCF7EB1CF21719006C366E /* Resources */,
				0029630EC3F9BA85531C325F /* [CP] Embed Pods Frameworks */,
				EA37C15F1D85E13100D450EF /* Embed Foundation Extensions */,
				EA971F011D63B301007C3A2B /* ShellScript */,
			);
			buildRules = (
			);
			dependencies = (
			);
			name = "Thrive Church Official App";
			productName = "Thrive Community Church";
			productReference = 41FCF7ED1CF21719006C366E /* Thrive Church Official App.app */;
			productType = "com.apple.product-type.application";
		};
		41FCF8021CF21719006C366E /* Thrive Church Official AppTests */ = {
			isa = PBXNativeTarget;
			buildConfigurationList = 41FCF81A1CF21719006C366E /* Build configuration list for PBXNativeTarget "Thrive Church Official AppTests" */;
			buildPhases = (
				E2DF469C0714D8BDB99EEE23 /* [CP] Check Pods Manifest.lock */,
				41FCF7FF1CF21719006C366E /* Sources */,
				41FCF8001CF21719006C366E /* Frameworks */,
				41FCF8011CF21719006C366E /* Resources */,
			);
			buildRules = (
			);
			dependencies = (
				41FCF8051CF21719006C366E /* PBXTargetDependency */,
			);
			name = "Thrive Church Official AppTests";
			productName = "Thrive Community ChurchTests";
			productReference = 41FCF8031CF21719006C366E /* Thrive Church Official App.xctest */;
			productType = "com.apple.product-type.bundle.unit-test";
		};
		41FCF80D1CF21719006C366E /* Thrive Church Official AppUITests */ = {
			isa = PBXNativeTarget;
			buildConfigurationList = 41FCF81D1CF21719006C366E /* Build configuration list for PBXNativeTarget "Thrive Church Official AppUITests" */;
			buildPhases = (
				BE6096902B326C6C7BB6C340 /* [CP] Check Pods Manifest.lock */,
				41FCF80A1CF21719006C366E /* Sources */,
				41FCF80B1CF21719006C366E /* Frameworks */,
				41FCF80C1CF21719006C366E /* Resources */,
			);
			buildRules = (
			);
			dependencies = (
				41FCF8101CF21719006C366E /* PBXTargetDependency */,
			);
			name = "Thrive Church Official AppUITests";
			productName = "Thrive Community ChurchUITests";
			productReference = 41FCF80E1CF21719006C366E /* Thrive Church Official App.xctest */;
			productType = "com.apple.product-type.bundle.ui-testing";
		};
/* End PBXNativeTarget section */

/* Begin PBXProject section */
		41FCF7E51CF21719006C366E /* Project object */ = {
			isa = PBXProject;
			attributes = {
				BuildIndependentTargetsInParallel = YES;
				KnownAssetTags = (
					twitter,
				);
				LastSwiftUpdateCheck = 0900;
				LastUpgradeCheck = 1600;
				ORGANIZATIONNAME = "Thrive Community Church";
				TargetAttributes = {
					41FCF7EC1CF21719006C366E = {
						CreatedOnToolsVersion = 7.3.1;
						LastSwiftMigration = 0900;
						ProvisioningStyle = Automatic;
						SystemCapabilities = {
							com.apple.BackgroundModes = {
								enabled = 1;
							};
							com.apple.InterAppAudio = {
								enabled = 0;
							};
							com.apple.Keychain = {
								enabled = 0;
							};
							com.apple.Maps.iOS = {
								enabled = 0;
							};
							com.apple.Push = {
								enabled = 1;
							};
						};
					};
					41FCF8021CF21719006C366E = {
						CreatedOnToolsVersion = 7.3.1;
						DevelopmentTeam = 87ME42WJYA;
						LastSwiftMigration = 0900;
						TestTargetID = 41FCF7EC1CF21719006C366E;
					};
					41FCF80D1CF21719006C366E = {
						CreatedOnToolsVersion = 7.3.1;
						DevelopmentTeam = 87ME42WJYA;
						LastSwiftMigration = 0900;
						TestTargetID = 41FCF7EC1CF21719006C366E;
					};
				};
			};
			buildConfigurationList = 41FCF7E81CF21719006C366E /* Build configuration list for PBXProject "Thrive Church Official App" */;
			compatibilityVersion = "Xcode 3.2";
			developmentRegion = en;
			hasScannedForEncodings = 0;
			knownRegions = (
				en,
				Base,
			);
			mainGroup = 41FCF7E41CF21719006C366E;
			productRefGroup = 41FCF7EE1CF21719006C366E /* Products */;
			projectDirPath = "";
			projectRoot = "";
			targets = (
				41FCF7EC1CF21719006C366E /* Thrive Church Official App */,
				41FCF8021CF21719006C366E /* Thrive Church Official AppTests */,
				41FCF80D1CF21719006C366E /* Thrive Church Official AppUITests */,
			);
		};
/* End PBXProject section */

/* Begin PBXResourcesBuildPhase section */
		41FCF7EB1CF21719006C366E /* Resources */ = {
			isa = PBXResourcesBuildPhase;
			buildActionMask = 2147483647;
			files = (
				DCE362C11F0560E400725F11 /* LaunchScreen.storyboard in Resources */,
				DCB61AFA21CB009B0049FCA2 /* Config.plist in Resources */,
				DC7652721EEB5395007C0998 /* Assets.xcassets in Resources */,
				DCB15BEE252E319F002D28D8 /* GoogleService-Info.plist in Resources */,
			);
			runOnlyForDeploymentPostprocessing = 0;
		};
		41FCF8011CF21719006C366E /* Resources */ = {
			isa = PBXResourcesBuildPhase;
			buildActionMask = 2147483647;
			files = (
			);
			runOnlyForDeploymentPostprocessing = 0;
		};
		41FCF80C1CF21719006C366E /* Resources */ = {
			isa = PBXResourcesBuildPhase;
			buildActionMask = 2147483647;
			files = (
			);
			runOnlyForDeploymentPostprocessing = 0;
		};
/* End PBXResourcesBuildPhase section */

/* Begin PBXShellScriptBuildPhase section */
		0029630EC3F9BA85531C325F /* [CP] Embed Pods Frameworks */ = {
			isa = PBXShellScriptBuildPhase;
			buildActionMask = 2147483647;
			files = (
			);
			inputPaths = (
				"${PODS_ROOT}/Target Support Files/Pods-Thrive Church Official App/Pods-Thrive Church Official App-frameworks.sh",
				"${BUILT_PRODUCTS_DIR}/FeedKit/FeedKit.framework",
				"${BUILT_PRODUCTS_DIR}/FirebaseCore/FirebaseCore.framework",
				"${BUILT_PRODUCTS_DIR}/FirebaseCoreExtension/FirebaseCoreExtension.framework",
				"${BUILT_PRODUCTS_DIR}/FirebaseCoreInternal/FirebaseCoreInternal.framework",
				"${BUILT_PRODUCTS_DIR}/FirebaseCrashlytics/FirebaseCrashlytics.framework",
				"${BUILT_PRODUCTS_DIR}/FirebaseInstallations/FirebaseInstallations.framework",
				"${BUILT_PRODUCTS_DIR}/FirebaseMessaging/FirebaseMessaging.framework",
				"${BUILT_PRODUCTS_DIR}/FirebaseRemoteConfigInterop/FirebaseRemoteConfigInterop.framework",
				"${BUILT_PRODUCTS_DIR}/FirebaseSessions/FirebaseSessions.framework",
				"${BUILT_PRODUCTS_DIR}/GoogleDataTransport/GoogleDataTransport.framework",
				"${BUILT_PRODUCTS_DIR}/GoogleUtilities/GoogleUtilities.framework",
				"${BUILT_PRODUCTS_DIR}/PromisesObjC/FBLPromises.framework",
				"${BUILT_PRODUCTS_DIR}/PromisesSwift/Promises.framework",
				"${BUILT_PRODUCTS_DIR}/nanopb/nanopb.framework",
			);
			name = "[CP] Embed Pods Frameworks";
			outputPaths = (
				"${TARGET_BUILD_DIR}/${FRAMEWORKS_FOLDER_PATH}/FeedKit.framework",
				"${TARGET_BUILD_DIR}/${FRAMEWORKS_FOLDER_PATH}/FirebaseCore.framework",
				"${TARGET_BUILD_DIR}/${FRAMEWORKS_FOLDER_PATH}/FirebaseCoreExtension.framework",
				"${TARGET_BUILD_DIR}/${FRAMEWORKS_FOLDER_PATH}/FirebaseCoreInternal.framework",
				"${TARGET_BUILD_DIR}/${FRAMEWORKS_FOLDER_PATH}/FirebaseCrashlytics.framework",
				"${TARGET_BUILD_DIR}/${FRAMEWORKS_FOLDER_PATH}/FirebaseInstallations.framework",
				"${TARGET_BUILD_DIR}/${FRAMEWORKS_FOLDER_PATH}/FirebaseMessaging.framework",
				"${TARGET_BUILD_DIR}/${FRAMEWORKS_FOLDER_PATH}/FirebaseRemoteConfigInterop.framework",
				"${TARGET_BUILD_DIR}/${FRAMEWORKS_FOLDER_PATH}/FirebaseSessions.framework",
				"${TARGET_BUILD_DIR}/${FRAMEWORKS_FOLDER_PATH}/GoogleDataTransport.framework",
				"${TARGET_BUILD_DIR}/${FRAMEWORKS_FOLDER_PATH}/GoogleUtilities.framework",
				"${TARGET_BUILD_DIR}/${FRAMEWORKS_FOLDER_PATH}/FBLPromises.framework",
				"${TARGET_BUILD_DIR}/${FRAMEWORKS_FOLDER_PATH}/Promises.framework",
				"${TARGET_BUILD_DIR}/${FRAMEWORKS_FOLDER_PATH}/nanopb.framework",
			);
			runOnlyForDeploymentPostprocessing = 0;
			shellPath = /bin/sh;
			shellScript = "\"${PODS_ROOT}/Target Support Files/Pods-Thrive Church Official App/Pods-Thrive Church Official App-frameworks.sh\"\n";
			showEnvVarsInLog = 0;
		};
		BE6096902B326C6C7BB6C340 /* [CP] Check Pods Manifest.lock */ = {
			isa = PBXShellScriptBuildPhase;
			buildActionMask = 2147483647;
			files = (
			);
			inputPaths = (
				"${PODS_PODFILE_DIR_PATH}/Podfile.lock",
				"${PODS_ROOT}/Manifest.lock",
			);
			name = "[CP] Check Pods Manifest.lock";
			outputPaths = (
				"$(DERIVED_FILE_DIR)/Pods-Thrive Church Official AppUITests-checkManifestLockResult.txt",
			);
			runOnlyForDeploymentPostprocessing = 0;
			shellPath = /bin/sh;
			shellScript = "diff \"${PODS_PODFILE_DIR_PATH}/Podfile.lock\" \"${PODS_ROOT}/Manifest.lock\" > /dev/null\nif [ $? != 0 ] ; then\n    # print error to STDERR\n    echo \"error: The sandbox is not in sync with the Podfile.lock. Run 'pod install' or update your CocoaPods installation.\" >&2\n    exit 1\nfi\n# This output is used by Xcode 'outputs' to avoid re-running this script phase.\necho \"SUCCESS\" > \"${SCRIPT_OUTPUT_FILE_0}\"\n";
			showEnvVarsInLog = 0;
		};
		DC974C8A3BE4A129CEEF0528 /* [CP] Check Pods Manifest.lock */ = {
			isa = PBXShellScriptBuildPhase;
			buildActionMask = 2147483647;
			files = (
			);
			inputPaths = (
				"${PODS_PODFILE_DIR_PATH}/Podfile.lock",
				"${PODS_ROOT}/Manifest.lock",
			);
			name = "[CP] Check Pods Manifest.lock";
			outputPaths = (
				"$(DERIVED_FILE_DIR)/Pods-Thrive Church Official App-checkManifestLockResult.txt",
			);
			runOnlyForDeploymentPostprocessing = 0;
			shellPath = /bin/sh;
			shellScript = "diff \"${PODS_PODFILE_DIR_PATH}/Podfile.lock\" \"${PODS_ROOT}/Manifest.lock\" > /dev/null\nif [ $? != 0 ] ; then\n    # print error to STDERR\n    echo \"error: The sandbox is not in sync with the Podfile.lock. Run 'pod install' or update your CocoaPods installation.\" >&2\n    exit 1\nfi\n# This output is used by Xcode 'outputs' to avoid re-running this script phase.\necho \"SUCCESS\" > \"${SCRIPT_OUTPUT_FILE_0}\"\n";
			showEnvVarsInLog = 0;
		};
		E2DF469C0714D8BDB99EEE23 /* [CP] Check Pods Manifest.lock */ = {
			isa = PBXShellScriptBuildPhase;
			buildActionMask = 2147483647;
			files = (
			);
			inputPaths = (
				"${PODS_PODFILE_DIR_PATH}/Podfile.lock",
				"${PODS_ROOT}/Manifest.lock",
			);
			name = "[CP] Check Pods Manifest.lock";
			outputPaths = (
				"$(DERIVED_FILE_DIR)/Pods-Thrive Church Official AppTests-checkManifestLockResult.txt",
			);
			runOnlyForDeploymentPostprocessing = 0;
			shellPath = /bin/sh;
			shellScript = "diff \"${PODS_PODFILE_DIR_PATH}/Podfile.lock\" \"${PODS_ROOT}/Manifest.lock\" > /dev/null\nif [ $? != 0 ] ; then\n    # print error to STDERR\n    echo \"error: The sandbox is not in sync with the Podfile.lock. Run 'pod install' or update your CocoaPods installation.\" >&2\n    exit 1\nfi\n# This output is used by Xcode 'outputs' to avoid re-running this script phase.\necho \"SUCCESS\" > \"${SCRIPT_OUTPUT_FILE_0}\"\n";
			showEnvVarsInLog = 0;
		};
		EA971F011D63B301007C3A2B /* ShellScript */ = {
			isa = PBXShellScriptBuildPhase;
			buildActionMask = 12;
			files = (
			);
			inputFileListPaths = (
			);
			inputPaths = (
				"$(SRCROOT)/$(BUILT_PRODUCTS_DIR)/$(INFOPLIST_PATH)",
				"${DWARF_DSYM_FOLDER_PATH}/${DWARF_DSYM_FILE_NAME}/Contents/Resources/DWARF/${TARGET_NAME}",
			);
			outputPaths = (
			);
			runOnlyForDeploymentPostprocessing = 0;
			shellPath = /bin/sh;
			shellScript = "# Type a script or drag a script file from your workspace to insert its path.\n\"${PODS_ROOT}/FirebaseCrashlytics/run\"\n";
		};
/* End PBXShellScriptBuildPhase section */

/* Begin PBXSourcesBuildPhase section */
		41FCF7E91CF21719006C366E /* Sources */ = {
			isa = PBXSourcesBuildPhase;
			buildActionMask = 2147483647;
			files = (
				DC246E3021DA7D57007BA4D1 /* ImageCache.swift in Sources */,
				DC2D8F8A20DC6E1700C9C938 /* TraditionalSortBibleTableViewController.swift in Sources */,
				DCF88FD420AE4E9000516C2D /* ViewControllerExtension.swift in Sources */,
				DC096BA124A8292700CFD252 /* ConfigType.swift in Sources */,
				DC1DE6D421FAD75E00E73838 /* SermonsSummaryPagedResponse.swift in Sources */,
				DC7348B921D5D2500057227D /* UIImageViewExtension.swift in Sources */,
				DCCA9B31245FB08900657EB7 /* BibleSelectionTableViewCell.swift in Sources */,
				DC096BA824A98F3300CFD252 /* ConfigSetting.swift in Sources */,
				DC0DE7FD21F01A1400820CE2 /* DataExtension.swift in Sources */,
				DC1EBF7D21D84503001B1673 /* SermonAVPlayer.swift in Sources */,
				DC096BA424A84FF400CFD252 /* ConfigKeys.swift in Sources */,
				DC2D8F8420DC64D000C9C938 /* BiblePassage.swift in Sources */,
				DC64031F205783DE00176BFB /* TimestampExtension.swift in Sources */,
				DC2D8F8E20DC712A00C9C938 /* TableViewControllerExtension.swift in Sources */,
				DC096BA624A854A500CFD252 /* ConfigsCollection.swift in Sources */,
				DC096B9F24A8287400CFD252 /* ConfigurationSettingResponse.swift in Sources */,
				DCBCE19721D11F6500E3DCA4 /* SermonSeriesSummary.swift in Sources */,
				DC9C0C0423B31AAC00C96788 /* ViewPlayerViewController.swift in Sources */,
				DC096B9C24A81EDD00CFD252 /* ConfigurationExtension.swift in Sources */,
				DCF6987A220A87AD001B1A0C /* ReadSermonPassageViewController.swift in Sources */,
				DC0DE7F721EDA0A900820CE2 /* Reachability.swift in Sources */,
				DC7348C121D6AE5F0057227D /* SermonMessageTableViewCell.swift in Sources */,
				DC13383F21E582580089B3DD /* DoubleExtension.swift in Sources */,
				DC735F4925E6D9050056CB65 /* RSSTableViewCell.swift in Sources */,
				DCF8A09725E6FB0C00B3A405 /* RSSViewController.swift in Sources */,
				DC246E2C21DA7A05007BA4D1 /* SermonDownloadsViewController.swift in Sources */,
				DC1EBF7F21D84A37001B1673 /* NowPlayingViewController.swift in Sources */,
				DCF6987C220AA9DC001B1A0C /* GetPassageResponse.swift in Sources */,
				DC21E1F620FBF0660054437D /* OnboardingCell.swift in Sources */,
				DC21E1F120FBEDBA0054437D /* OnboardingController.swift in Sources */,
				DC0FB22B21CB400300908D06 /* SermonsCollectionViewCell.swift in Sources */,
				DCA48C932C2A6B8F00381DEE /* DeviceTypeExtension.swift in Sources */,
				DC7348BD21D5EE550057227D /* SeriesViewController.swift in Sources */,
				DC13384121E584270089B3DD /* Storage.swift in Sources */,
				DC0DE7F921EFF21C00820CE2 /* RecentlyPlayedViewController.swift in Sources */,
				DCACA58824F1E2FC004871D6 /* ConnectTableViewController.swift in Sources */,
				DCE3630A1F05610600725F11 /* FGCUSiteViewController.swift in Sources */,
				DC3CAD3E21E2BDAC00C17EAF /* UITableViewExtension.swift in Sources */,
				DCE3630B1F05610600725F11 /* FGCUSocialViewController.swift in Sources */,
				DCE3630C1F05610600725F11 /* ThriveFGCUViewController.swift in Sources */,
				DC21E1F320FBEE690054437D /* OnboardingPage.swift in Sources */,
				DC7348C321D6BDFE0057227D /* StringExtensions.swift in Sources */,
				DCE3630D1F05610600725F11 /* MailChimpViewController.swift in Sources */,
				DCACA58C24FAE612004871D6 /* GenericSiteViewController.swift in Sources */,
				DCC2398C20FFFDC7005973FA /* UIColorExtension.swift in Sources */,
				DC3CAD3C21E2B94400C17EAF /* ListenCollectionViewController.swift in Sources */,
				DCACA58E24FAF296004871D6 /* MoreTableViewController.swift in Sources */,
				DCE3630F1F05610600725F11 /* ServeViewController.swift in Sources */,
				DCA0A18C21F82A0A00C8A04B /* CustomCollectionFooterView.swift in Sources */,
				DC21E1F820FBF1040054437D /* OnboardingControllerExtension.swift in Sources */,
				DCE363101F05610600725F11 /* SmallGroupViewController.swift in Sources */,
				DC7348B721D539FB0057227D /* SermonSeriesSummaryResponse.swift in Sources */,
				DC3CAD3221E2497A00C17EAF /* DownloadedMessageTableViewCell.swift in Sources */,
				DC7348BB21D5DE720057227D /* SermonSeriesResponse.swift in Sources */,
				DC0DE7FB21EFF41F00820CE2 /* RecentlyWatchedTableViewCell.swift in Sources */,
				DCBCE19A21D1204A00E3DCA4 /* ListenCollectionViewControllerRepoExtension.swift in Sources */,
				DCB61AFE21CB07B60049FCA2 /* ApplicationVariables.swift in Sources */,
				DCBA77AF20E1F49D002F6C17 /* AlphabeticalSortBibleTableViewController.swift in Sources */,
				DC1DE6D621FAD7E100E73838 /* PageInfo.swift in Sources */,
				DC7348BF21D6AB800057227D /* SermonMessage.swift in Sources */,
				DCE363181F05610600725F11 /* SocialViewController.swift in Sources */,
				DC1EBF8121D8812F001B1673 /* NowPlayingViewControllerExtension.swift in Sources */,
				DC735F4425E6D8300056CB65 /* RSSTableViewController.swift in Sources */,
				DCACA58A24F30DFC004871D6 /* DynamicConfigResponse.swift in Sources */,
				DCFFCFDF2454087B007915E6 /* SermonMessageExtensions.swift in Sources */,
				DCE3631B1F05610600725F11 /* DetailViewController.swift in Sources */,
				DCE3631C1F05610600725F11 /* MasterViewController.swift in Sources */,
				41FCF7F11CF21719006C366E /* AppDelegate.swift in Sources */,
				DCAPPCOORD1234567890123457 /* AppCoordinator.swift in Sources */,
				DCUNARCHIVEREXT123456790 /* NSKeyedUnarchiverExtension.swift in Sources */,
			);
			runOnlyForDeploymentPostprocessing = 0;
		};
		41FCF7FF1CF21719006C366E /* Sources */ = {
			isa = PBXSourcesBuildPhase;
			buildActionMask = 2147483647;
			files = (
				41FCF8081CF21719006C366E /* Thrive_Community_ChurchTests.swift in Sources */,
			);
			runOnlyForDeploymentPostprocessing = 0;
		};
		41FCF80A1CF21719006C366E /* Sources */ = {
			isa = PBXSourcesBuildPhase;
			buildActionMask = 2147483647;
			files = (
				DC98E1CD1D354F5500C9395B /* Thrive_Community_ChurchUITests.swift in Sources */,
			);
			runOnlyForDeploymentPostprocessing = 0;
		};
/* End PBXSourcesBuildPhase section */

/* Begin PBXTargetDependency section */
		41FCF8051CF21719006C366E /* PBXTargetDependency */ = {
			isa = PBXTargetDependency;
			target = 41FCF7EC1CF21719006C366E /* Thrive Church Official App */;
			targetProxy = 41FCF8041CF21719006C366E /* PBXContainerItemProxy */;
		};
		41FCF8101CF21719006C366E /* PBXTargetDependency */ = {
			isa = PBXTargetDependency;
			target = 41FCF7EC1CF21719006C366E /* Thrive Church Official App */;
			targetProxy = 41FCF80F1CF21719006C366E /* PBXContainerItemProxy */;
		};
/* End PBXTargetDependency section */

/* Begin XCBuildConfiguration section */
		41FCF8151CF21719006C366E /* Debug */ = {
			isa = XCBuildConfiguration;
			buildSettings = {
				ALWAYS_SEARCH_USER_PATHS = NO;
				CLANG_ANALYZER_LOCALIZABILITY_NONLOCALIZED = YES;
				CLANG_ANALYZER_NONNULL = YES;
				CLANG_CXX_LANGUAGE_STANDARD = "gnu++0x";
				CLANG_CXX_LIBRARY = "libc++";
				CLANG_ENABLE_MODULES = YES;
				CLANG_ENABLE_OBJC_ARC = YES;
				CLANG_WARN_BLOCK_CAPTURE_AUTORELEASING = YES;
				CLANG_WARN_BOOL_CONVERSION = YES;
				CLANG_WARN_COMMA = YES;
				CLANG_WARN_CONSTANT_CONVERSION = YES;
				CLANG_WARN_DEPRECATED_OBJC_IMPLEMENTATIONS = YES;
				CLANG_WARN_DIRECT_OBJC_ISA_USAGE = YES_ERROR;
				CLANG_WARN_EMPTY_BODY = YES;
				CLANG_WARN_ENUM_CONVERSION = YES;
				CLANG_WARN_INFINITE_RECURSION = YES;
				CLANG_WARN_INT_CONVERSION = YES;
				CLANG_WARN_NON_LITERAL_NULL_CONVERSION = YES;
				CLANG_WARN_OBJC_IMPLICIT_RETAIN_SELF = YES;
				CLANG_WARN_OBJC_LITERAL_CONVERSION = YES;
				CLANG_WARN_OBJC_ROOT_CLASS = YES_ERROR;
				CLANG_WARN_QUOTED_INCLUDE_IN_FRAMEWORK_HEADER = YES;
				CLANG_WARN_RANGE_LOOP_ANALYSIS = YES;
				CLANG_WARN_STRICT_PROTOTYPES = YES;
				CLANG_WARN_SUSPICIOUS_MOVE = YES;
				CLANG_WARN_UNREACHABLE_CODE = YES;
				CLANG_WARN__DUPLICATE_METHOD_MATCH = YES;
				CODE_SIGN_IDENTITY = "iPhone Developer";
				"CODE_SIGN_IDENTITY[sdk=iphoneos*]" = "iPhone Developer";
				COPY_PHASE_STRIP = NO;
				DEBUG_INFORMATION_FORMAT = dwarf;
				ENABLE_STRICT_OBJC_MSGSEND = YES;
				ENABLE_TESTABILITY = YES;
				ENABLE_USER_SCRIPT_SANDBOXING = NO;
				GCC_C_LANGUAGE_STANDARD = gnu99;
				GCC_DYNAMIC_NO_PIC = NO;
				GCC_NO_COMMON_BLOCKS = YES;
				GCC_OPTIMIZATION_LEVEL = 0;
				GCC_PREPROCESSOR_DEFINITIONS = (
					"DEBUG=1",
					"$(inherited)",
				);
				GCC_WARN_64_TO_32_BIT_CONVERSION = YES;
				GCC_WARN_ABOUT_RETURN_TYPE = YES_ERROR;
				GCC_WARN_UNDECLARED_SELECTOR = YES;
				GCC_WARN_UNINITIALIZED_AUTOS = YES_AGGRESSIVE;
				GCC_WARN_UNUSED_FUNCTION = YES;
				GCC_WARN_UNUSED_VARIABLE = YES;
				IPHONEOS_DEPLOYMENT_TARGET = 15.0;
				MACH_O_TYPE = mh_execute;
				MTL_ENABLE_DEBUG_INFO = YES;
				ONLY_ACTIVE_ARCH = YES;
				PROVISIONING_PROFILE = "";
				SDKROOT = iphoneos;
				SWIFT_OPTIMIZATION_LEVEL = "-O";
				SWIFT_VERSION = 5.0;
			};
			name = Debug;
		};
		41FCF8161CF21719006C366E /* Release */ = {
			isa = XCBuildConfiguration;
			buildSettings = {
				ALWAYS_SEARCH_USER_PATHS = NO;
				CLANG_ANALYZER_LOCALIZABILITY_NONLOCALIZED = YES;
				CLANG_ANALYZER_NONNULL = YES;
				CLANG_CXX_LANGUAGE_STANDARD = "gnu++0x";
				CLANG_CXX_LIBRARY = "libc++";
				CLANG_ENABLE_MODULES = YES;
				CLANG_ENABLE_OBJC_ARC = YES;
				CLANG_WARN_BLOCK_CAPTURE_AUTORELEASING = YES;
				CLANG_WARN_BOOL_CONVERSION = YES;
				CLANG_WARN_COMMA = YES;
				CLANG_WARN_CONSTANT_CONVERSION = YES;
				CLANG_WARN_DEPRECATED_OBJC_IMPLEMENTATIONS = YES;
				CLANG_WARN_DIRECT_OBJC_ISA_USAGE = YES_ERROR;
				CLANG_WARN_EMPTY_BODY = YES;
				CLANG_WARN_ENUM_CONVERSION = YES;
				CLANG_WARN_INFINITE_RECURSION = YES;
				CLANG_WARN_INT_CONVERSION = YES;
				CLANG_WARN_NON_LITERAL_NULL_CONVERSION = YES;
				CLANG_WARN_OBJC_IMPLICIT_RETAIN_SELF = YES;
				CLANG_WARN_OBJC_LITERAL_CONVERSION = YES;
				CLANG_WARN_OBJC_ROOT_CLASS = YES_ERROR;
				CLANG_WARN_QUOTED_INCLUDE_IN_FRAMEWORK_HEADER = YES;
				CLANG_WARN_RANGE_LOOP_ANALYSIS = YES;
				CLANG_WARN_STRICT_PROTOTYPES = YES;
				CLANG_WARN_SUSPICIOUS_MOVE = YES;
				CLANG_WARN_UNREACHABLE_CODE = YES;
				CLANG_WARN__DUPLICATE_METHOD_MATCH = YES;
				"CODE_SIGN_IDENTITY[sdk=iphoneos*]" = "iPhone Developer";
				COPY_PHASE_STRIP = NO;
				DEBUG_INFORMATION_FORMAT = "dwarf-with-dsym";
				ENABLE_NS_ASSERTIONS = NO;
				ENABLE_STRICT_OBJC_MSGSEND = YES;
				ENABLE_USER_SCRIPT_SANDBOXING = NO;
				GCC_C_LANGUAGE_STANDARD = gnu99;
				GCC_NO_COMMON_BLOCKS = YES;
				GCC_WARN_64_TO_32_BIT_CONVERSION = YES;
				GCC_WARN_ABOUT_RETURN_TYPE = YES_ERROR;
				GCC_WARN_UNDECLARED_SELECTOR = YES;
				GCC_WARN_UNINITIALIZED_AUTOS = YES_AGGRESSIVE;
				GCC_WARN_UNUSED_FUNCTION = YES;
				GCC_WARN_UNUSED_VARIABLE = YES;
				IPHONEOS_DEPLOYMENT_TARGET = 15.0;
				MACH_O_TYPE = mh_execute;
				MTL_ENABLE_DEBUG_INFO = NO;
				PROVISIONING_PROFILE = "";
				SDKROOT = iphoneos;
				SWIFT_VERSION = 5.0;
				VALIDATE_PRODUCT = YES;
			};
			name = Release;
		};
		41FCF8181CF21719006C366E /* Debug */ = {
			isa = XCBuildConfiguration;
			baseConfigurationReference = AFC35240AEAFA3ADBFDE705E /* Pods-Thrive Church Official App.debug.xcconfig */;
			buildSettings = {
				ASSETCATALOG_COMPILER_APPICON_NAME = AppIcon;
				CODE_SIGN_ENTITLEMENTS = "Thrive Church Official App.entitlements";
				CODE_SIGN_IDENTITY = "iPhone Developer";
				"CODE_SIGN_IDENTITY[sdk=iphoneos*]" = "iPhone Developer";
				CURRENT_PROJECT_VERSION = 1.7.9.313;
				DEVELOPMENT_TEAM = 87ME42WJYA;
				INFOPLIST_FILE = "$(SRCROOT)/Thrive Community Church/Properties/Info.plist";
				IPHONEOS_DEPLOYMENT_TARGET = 15.0;
				LD_RUNPATH_SEARCH_PATHS = (
					"$(inherited)",
					"@executable_path/Frameworks",
				);
				MARKETING_VERSION = 1.7.9;
				PRODUCT_BUNDLE_IDENTIFIER = "com.thrive-fl.ThriveCommunityChurch";
				PRODUCT_NAME = "Thrive Church Official App";
				PROVISIONING_PROFILE = "";
				SUPPORTED_PLATFORMS = "iphoneos iphonesimulator";
				SUPPORTS_MACCATALYST = NO;
				SUPPORTS_XR_DESIGNED_FOR_IPHONE_IPAD = NO;
				SWIFT_OPTIMIZATION_LEVEL = "-O";
				SWIFT_SWIFT3_OBJC_INFERENCE = Off;
				SWIFT_VERSION = 5.0;
				TARGETED_DEVICE_FAMILY = 1;
				VERSIONING_SYSTEM = "apple-generic";
			};
			name = Debug;
		};
		41FCF8191CF21719006C366E /* Release */ = {
			isa = XCBuildConfiguration;
			baseConfigurationReference = 3A9E35DFAAD06ADCF74FFB55 /* Pods-Thrive Church Official App.release.xcconfig */;
			buildSettings = {
				ASSETCATALOG_COMPILER_APPICON_NAME = AppIcon;
				CODE_SIGN_ENTITLEMENTS = "Thrive Church Official App.entitlements";
				CODE_SIGN_IDENTITY = "iPhone Developer";
				"CODE_SIGN_IDENTITY[sdk=iphoneos*]" = "iPhone Developer";
				CURRENT_PROJECT_VERSION = 1.7.9.313;
				DEVELOPMENT_TEAM = 87ME42WJYA;
				INFOPLIST_FILE = "$(SRCROOT)/Thrive Community Church/Properties/Info.plist";
				IPHONEOS_DEPLOYMENT_TARGET = 15.0;
				LD_RUNPATH_SEARCH_PATHS = (
					"$(inherited)",
					"@executable_path/Frameworks",
				);
				MARKETING_VERSION = 1.7.9;
				PRODUCT_BUNDLE_IDENTIFIER = "com.thrive-fl.ThriveCommunityChurch";
				PRODUCT_NAME = "Thrive Church Official App";
				PROVISIONING_PROFILE = "";
				SUPPORTED_PLATFORMS = "iphoneos iphonesimulator";
				SUPPORTS_MACCATALYST = NO;
				SUPPORTS_XR_DESIGNED_FOR_IPHONE_IPAD = NO;
				SWIFT_COMPILATION_MODE = wholemodule;
				SWIFT_OPTIMIZATION_LEVEL = "-O";
				SWIFT_SWIFT3_OBJC_INFERENCE = Off;
				SWIFT_VERSION = 5.0;
				TARGETED_DEVICE_FAMILY = 1;
				VERSIONING_SYSTEM = "apple-generic";
			};
			name = Release;
		};
		41FCF81B1CF21719006C366E /* Debug */ = {
			isa = XCBuildConfiguration;
			baseConfigurationReference = AC65D2616E3DDC1C6E1EF387 /* Pods-Thrive Church Official AppTests.debug.xcconfig */;
			buildSettings = {
				BUNDLE_LOADER = "$(TEST_HOST)";
				DEVELOPMENT_TEAM = 87ME42WJYA;
				INFOPLIST_FILE = "Thrive Community ChurchTests/Info.plist";
				IPHONEOS_DEPLOYMENT_TARGET = 15.0;
				LD_RUNPATH_SEARCH_PATHS = (
					"$(inherited)",
					"@executable_path/Frameworks",
					"@loader_path/Frameworks",
				);
				PRODUCT_BUNDLE_IDENTIFIER = "com.thrive-fld.Thrive-Community-ChurchTests";
				PRODUCT_NAME = "Thrive Church Official App";
				SWIFT_SWIFT3_OBJC_INFERENCE = On;
				SWIFT_VERSION = 5.0;
				TEST_HOST = "$(BUILT_PRODUCTS_DIR)/Thrive Church Official App.app/Thrive Church Official App";
			};
			name = Debug;
		};
		41FCF81C1CF21719006C366E /* Release */ = {
			isa = XCBuildConfiguration;
			baseConfigurationReference = 768FC5C5EEAA1D1B388D8D19 /* Pods-Thrive Church Official AppTests.release.xcconfig */;
			buildSettings = {
				BUNDLE_LOADER = "$(TEST_HOST)";
				DEVELOPMENT_TEAM = 87ME42WJYA;
				INFOPLIST_FILE = "Thrive Community ChurchTests/Info.plist";
				IPHONEOS_DEPLOYMENT_TARGET = 15.0;
				LD_RUNPATH_SEARCH_PATHS = (
					"$(inherited)",
					"@executable_path/Frameworks",
					"@loader_path/Frameworks",
				);
				PRODUCT_BUNDLE_IDENTIFIER = "com.thrive-fld.Thrive-Community-ChurchTests";
				PRODUCT_NAME = "Thrive Church Official App";
				SWIFT_COMPILATION_MODE = wholemodule;
				SWIFT_OPTIMIZATION_LEVEL = "-O";
				SWIFT_SWIFT3_OBJC_INFERENCE = On;
				SWIFT_VERSION = 5.0;
				TEST_HOST = "$(BUILT_PRODUCTS_DIR)/Thrive Church Official App.app/Thrive Church Official App";
			};
			name = Release;
		};
		41FCF81E1CF21719006C366E /* Debug */ = {
			isa = XCBuildConfiguration;
			baseConfigurationReference = 4714A7A16BA99F85B961AA2C /* Pods-Thrive Church Official AppUITests.debug.xcconfig */;
			buildSettings = {
				DEVELOPMENT_TEAM = 87ME42WJYA;
				INFOPLIST_FILE = "Thrive Community ChurchUITests/Info.plist";
				IPHONEOS_DEPLOYMENT_TARGET = 15.0;
				LD_RUNPATH_SEARCH_PATHS = (
					"$(inherited)",
					"@executable_path/Frameworks",
					"@loader_path/Frameworks",
				);
				PRODUCT_BUNDLE_IDENTIFIER = "com.thrive-fld.Thrive-Community-ChurchUITests";
				PRODUCT_NAME = "Thrive Church Official App";
				SWIFT_SWIFT3_OBJC_INFERENCE = On;
				SWIFT_VERSION = 5.0;
				TEST_TARGET_NAME = "Thrive Community Church";
			};
			name = Debug;
		};
		41FCF81F1CF21719006C366E /* Release */ = {
			isa = XCBuildConfiguration;
			baseConfigurationReference = 69ABBACFA710DB195E637DB9 /* Pods-Thrive Church Official AppUITests.release.xcconfig */;
			buildSettings = {
				DEVELOPMENT_TEAM = 87ME42WJYA;
				INFOPLIST_FILE = "Thrive Community ChurchUITests/Info.plist";
				IPHONEOS_DEPLOYMENT_TARGET = 15.0;
				LD_RUNPATH_SEARCH_PATHS = (
					"$(inherited)",
					"@executable_path/Frameworks",
					"@loader_path/Frameworks",
				);
				PRODUCT_BUNDLE_IDENTIFIER = "com.thrive-fld.Thrive-Community-ChurchUITests";
				PRODUCT_NAME = "Thrive Church Official App";
				SWIFT_COMPILATION_MODE = wholemodule;
				SWIFT_OPTIMIZATION_LEVEL = "-O";
				SWIFT_SWIFT3_OBJC_INFERENCE = On;
				SWIFT_VERSION = 5.0;
				TEST_TARGET_NAME = "Thrive Community Church";
			};
			name = Release;
		};
/* End XCBuildConfiguration section */

/* Begin XCConfigurationList section */
		41FCF7E81CF21719006C366E /* Build configuration list for PBXProject "Thrive Church Official App" */ = {
			isa = XCConfigurationList;
			buildConfigurations = (
				41FCF8151CF21719006C366E /* Debug */,
				41FCF8161CF21719006C366E /* Release */,
			);
			defaultConfigurationIsVisible = 0;
			defaultConfigurationName = Release;
		};
		41FCF8171CF21719006C366E /* Build configuration list for PBXNativeTarget "Thrive Church Official App" */ = {
			isa = XCConfigurationList;
			buildConfigurations = (
				41FCF8181CF21719006C366E /* Debug */,
				41FCF8191CF21719006C366E /* Release */,
			);
			defaultConfigurationIsVisible = 0;
			defaultConfigurationName = Release;
		};
		41FCF81A1CF21719006C366E /* Build configuration list for PBXNativeTarget "Thrive Church Official AppTests" */ = {
			isa = XCConfigurationList;
			buildConfigurations = (
				41FCF81B1CF21719006C366E /* Debug */,
				41FCF81C1CF21719006C366E /* Release */,
			);
			defaultConfigurationIsVisible = 0;
			defaultConfigurationName = Release;
		};
		41FCF81D1CF21719006C366E /* Build configuration list for PBXNativeTarget "Thrive Church Official AppUITests" */ = {
			isa = XCConfigurationList;
			buildConfigurations = (
				41FCF81E1CF21719006C366E /* Debug */,
				41FCF81F1CF21719006C366E /* Release */,
			);
			defaultConfigurationIsVisible = 0;
			defaultConfigurationName = Release;
		};
/* End XCConfigurationList section */
	};
	rootObject = 41FCF7E51CF21719006C366E /* Project object */;
}
