// !$*UTF8*$!
{
	archiveVersion = 1;
	classes = {
	};
	objectVersion = 46;
	objects = {

/* Begin PBXBuildFile section */
		0A375A98E0209F4B791D23EA /* Pods_Thrive_Church_Official_AppTests.framework in Frameworks */ = {isa = PBXBuildFile; fileRef = 4A83C4A0DC8A0489DE7DA4CD /* Pods_Thrive_Church_Official_AppTests.framework */; };
		41341BF81D08716B0070AEF5 /* Social.framework in Frameworks */ = {isa = PBXBuildFile; fileRef = 41341BF71D08716B0070AEF5 /* Social.framework */; };
		413C263C1CFE3EFC00D8AE26 /* MessageUI.framework in Frameworks */ = {isa = PBXBuildFile; fileRef = 413C263B1CFE3EFC00D8AE26 /* MessageUI.framework */; };
		41FCF7F11CF21719006C366E /* AppDelegate.swift in Sources */ = {isa = PBXBuildFile; fileRef = 41FCF7F01CF21719006C366E /* AppDelegate.swift */; };
		41FCF8081CF21719006C366E /* Thrive_Community_ChurchTests.swift in Sources */ = {isa = PBXBuildFile; fileRef = 41FCF8071CF21719006C366E /* Thrive_Community_ChurchTests.swift */; };
		41FF24A81D171EC30048E6AF /* CoreAudio.framework in Frameworks */ = {isa = PBXBuildFile; fileRef = 41FF24A61D171EC30048E6AF /* CoreAudio.framework */; };
		68C52DF074924D43C5FEBA5A /* Pods_Thrive_Church_Official_AppUITests.framework in Frameworks */ = {isa = PBXBuildFile; fileRef = 7CAFC81711DE067EE192456F /* Pods_Thrive_Church_Official_AppUITests.framework */; };
		DC0FB22B21CB400300908D06 /* SermonsCollectionViewCell.swift in Sources */ = {isa = PBXBuildFile; fileRef = DC0FB22A21CB400300908D06 /* SermonsCollectionViewCell.swift */; };
		DC0FB22D21CB406900908D06 /* ListenCollectionViewController.swift in Sources */ = {isa = PBXBuildFile; fileRef = DC0FB22C21CB406900908D06 /* ListenCollectionViewController.swift */; };
		DC21E1F120FBEDBA0054437D /* OnboardingController.swift in Sources */ = {isa = PBXBuildFile; fileRef = DC21E1F020FBEDBA0054437D /* OnboardingController.swift */; };
		DC21E1F320FBEE690054437D /* OnboardingPage.swift in Sources */ = {isa = PBXBuildFile; fileRef = DC21E1F220FBEE690054437D /* OnboardingPage.swift */; };
		DC21E1F620FBF0660054437D /* OnboardingCell.swift in Sources */ = {isa = PBXBuildFile; fileRef = DC21E1F520FBF0660054437D /* OnboardingCell.swift */; };
		DC21E1F820FBF1040054437D /* OnboardingControllerExtension.swift in Sources */ = {isa = PBXBuildFile; fileRef = DC21E1F720FBF1040054437D /* OnboardingControllerExtension.swift */; };
		DC2667DF1F37FBA20020424C /* SettingsViewController.swift in Sources */ = {isa = PBXBuildFile; fileRef = DC2667DE1F37FBA20020424C /* SettingsViewController.swift */; };
		DC2D8F8220DC60CE00C9C938 /* OpenBiblePassageViewController.swift in Sources */ = {isa = PBXBuildFile; fileRef = DC2D8F8120DC60CE00C9C938 /* OpenBiblePassageViewController.swift */; };
		DC2D8F8420DC64D000C9C938 /* BiblePassage.swift in Sources */ = {isa = PBXBuildFile; fileRef = DC2D8F8320DC64D000C9C938 /* BiblePassage.swift */; };
		DC2D8F8A20DC6E1700C9C938 /* TraditionalSortBibleTableViewController.swift in Sources */ = {isa = PBXBuildFile; fileRef = DC2D8F8920DC6E1700C9C938 /* TraditionalSortBibleTableViewController.swift */; };
		DC2D8F8E20DC712A00C9C938 /* TableViewControllerExtension.swift in Sources */ = {isa = PBXBuildFile; fileRef = DC2D8F8D20DC712A00C9C938 /* TableViewControllerExtension.swift */; };
		DC45330120B468A90021C796 /* WebViewExtension.swift in Sources */ = {isa = PBXBuildFile; fileRef = DC45330020B468A90021C796 /* WebViewExtension.swift */; };
		DC64031D2057821E00176BFB /* DeviceTypeExtension.swift in Sources */ = {isa = PBXBuildFile; fileRef = DC64031C2057821E00176BFB /* DeviceTypeExtension.swift */; };
		DC64031F205783DE00176BFB /* TimestampExtension.swift in Sources */ = {isa = PBXBuildFile; fileRef = DC64031E205783DE00176BFB /* TimestampExtension.swift */; };
		DC7348B721D539FB0057227D /* SermonSeriesSummaryResponse.swift in Sources */ = {isa = PBXBuildFile; fileRef = DC7348B621D539FB0057227D /* SermonSeriesSummaryResponse.swift */; };
		DC7348B921D5D2500057227D /* UIImageViewExtension.swift in Sources */ = {isa = PBXBuildFile; fileRef = DC7348B821D5D2500057227D /* UIImageViewExtension.swift */; };
		DC7348BB21D5DE720057227D /* SermonSeriesResponse.swift in Sources */ = {isa = PBXBuildFile; fileRef = DC7348BA21D5DE720057227D /* SermonSeriesResponse.swift */; };
		DC7348BD21D5EE550057227D /* SeriesViewController.swift in Sources */ = {isa = PBXBuildFile; fileRef = DC7348BC21D5EE550057227D /* SeriesViewController.swift */; };
		DC7348BF21D6AB800057227D /* SermonMessage.swift in Sources */ = {isa = PBXBuildFile; fileRef = DC7348BE21D6AB800057227D /* SermonMessage.swift */; };
		DC7348C121D6AE5F0057227D /* SermonMessageTableViewCell.swift in Sources */ = {isa = PBXBuildFile; fileRef = DC7348C021D6AE5F0057227D /* SermonMessageTableViewCell.swift */; };
		DC7348C321D6BDFE0057227D /* StringExtensions.swift in Sources */ = {isa = PBXBuildFile; fileRef = DC7348C221D6BDFE0057227D /* StringExtensions.swift */; };
		DC7348C521D6F8070057227D /* LivestreamingResponse.swift in Sources */ = {isa = PBXBuildFile; fileRef = DC7348C421D6F8070057227D /* LivestreamingResponse.swift */; };
		DC7652721EEB5395007C0998 /* Assets.xcassets in Resources */ = {isa = PBXBuildFile; fileRef = DC7652711EEB5395007C0998 /* Assets.xcassets */; };
		DC80C45421D7391700AF08E1 /* LivePollingResponse.swift in Sources */ = {isa = PBXBuildFile; fileRef = DC80C45321D7391700AF08E1 /* LivePollingResponse.swift */; };
		DC98E1CD1D354F5500C9395B /* Thrive_Community_ChurchUITests.swift in Sources */ = {isa = PBXBuildFile; fileRef = 41FCF8121CF21719006C366E /* Thrive_Community_ChurchUITests.swift */; };
		DCA554441F6AD46600E00006 /* GoogleService-Info.plist in Resources */ = {isa = PBXBuildFile; fileRef = DC593B1A1F56542000616A28 /* GoogleService-Info.plist */; };
		DCB61AFA21CB009B0049FCA2 /* Config.plist in Resources */ = {isa = PBXBuildFile; fileRef = DCB61AF921CB009B0049FCA2 /* Config.plist */; };
		DCB61AFE21CB07B60049FCA2 /* ApplicationVariables.swift in Sources */ = {isa = PBXBuildFile; fileRef = DCB61AFD21CB07B60049FCA2 /* ApplicationVariables.swift */; };
		DCBA77AF20E1F49D002F6C17 /* AlphabeticalSortBibleTableViewController.swift in Sources */ = {isa = PBXBuildFile; fileRef = DCBA77AE20E1F49D002F6C17 /* AlphabeticalSortBibleTableViewController.swift */; };
		DCBCE19721D11F6500E3DCA4 /* SermonSeriesSummary.swift in Sources */ = {isa = PBXBuildFile; fileRef = DCBCE19621D11F6500E3DCA4 /* SermonSeriesSummary.swift */; };
		DCBCE19A21D1204A00E3DCA4 /* ListenCollectionViewControllerRepoExtension.swift in Sources */ = {isa = PBXBuildFile; fileRef = DCBCE19921D1204A00E3DCA4 /* ListenCollectionViewControllerRepoExtension.swift */; };
		DCC2398C20FFFDC7005973FA /* UIColorExtension.swift in Sources */ = {isa = PBXBuildFile; fileRef = DCC2398B20FFFDC7005973FA /* UIColorExtension.swift */; };
		DCC9D46F1F316A7C0055F548 /* ContactModalViewController.swift in Sources */ = {isa = PBXBuildFile; fileRef = DCC9D46E1F316A7C0055F548 /* ContactModalViewController.swift */; };
		DCDFCE5C1FA00C700011AEC3 /* Pods_Thrive_Church_Official_App.framework in Frameworks */ = {isa = PBXBuildFile; fileRef = 72CB99E1F4640C3FCA51CD9F /* Pods_Thrive_Church_Official_App.framework */; };
		DCE362C01F0560E400725F11 /* Main.storyboard in Resources */ = {isa = PBXBuildFile; fileRef = DCE362BF1F05603300725F11 /* Main.storyboard */; };
		DCE362C11F0560E400725F11 /* LaunchScreen.storyboard in Resources */ = {isa = PBXBuildFile; fileRef = DC01B7F21F04936E002784E7 /* LaunchScreen.storyboard */; };
		DCE363041F05610600725F11 /* ContactButtonViewController.swift in Sources */ = {isa = PBXBuildFile; fileRef = DC01B83C1F0494FF002784E7 /* ContactButtonViewController.swift */; };
		DCE363051F05610600725F11 /* DirectionsViewController.swift in Sources */ = {isa = PBXBuildFile; fileRef = DC01B83D1F0494FF002784E7 /* DirectionsViewController.swift */; };
		DCE363091F05610600725F11 /* FGCUNotificationsViewController.swift in Sources */ = {isa = PBXBuildFile; fileRef = DC01B8421F0494FF002784E7 /* FGCUNotificationsViewController.swift */; };
		DCE3630A1F05610600725F11 /* FGCUSiteViewController.swift in Sources */ = {isa = PBXBuildFile; fileRef = DC01B8431F0494FF002784E7 /* FGCUSiteViewController.swift */; };
		DCE3630B1F05610600725F11 /* FGCUSocialViewController.swift in Sources */ = {isa = PBXBuildFile; fileRef = DC01B8441F0494FF002784E7 /* FGCUSocialViewController.swift */; };
		DCE3630C1F05610600725F11 /* ThriveFGCUViewController.swift in Sources */ = {isa = PBXBuildFile; fileRef = DC01B8451F0494FF002784E7 /* ThriveFGCUViewController.swift */; };
		DCE3630D1F05610600725F11 /* MailChimpViewController.swift in Sources */ = {isa = PBXBuildFile; fileRef = DC01B8461F0494FF002784E7 /* MailChimpViewController.swift */; };
		DCE3630E1F05610600725F11 /* PrayerRequestsViewController.swift in Sources */ = {isa = PBXBuildFile; fileRef = DC01B8471F0494FF002784E7 /* PrayerRequestsViewController.swift */; };
		DCE3630F1F05610600725F11 /* ServeViewController.swift in Sources */ = {isa = PBXBuildFile; fileRef = DC01B8481F0494FF002784E7 /* ServeViewController.swift */; };
		DCE363101F05610600725F11 /* SmallGroupViewController.swift in Sources */ = {isa = PBXBuildFile; fileRef = DC01B8491F0494FF002784E7 /* SmallGroupViewController.swift */; };
		DCE363111F05610600725F11 /* SermonsViewController.swift in Sources */ = {isa = PBXBuildFile; fileRef = DC01B84B1F0494FF002784E7 /* SermonsViewController.swift */; };
		DCE363121F05610600725F11 /* AboutViewController.swift in Sources */ = {isa = PBXBuildFile; fileRef = DC01B84D1F0494FF002784E7 /* AboutViewController.swift */; };
		DCE363151F05610600725F11 /* giveViewController.swift in Sources */ = {isa = PBXBuildFile; fileRef = DC01B8501F0494FF002784E7 /* giveViewController.swift */; };
		DCE363161F05610600725F11 /* ImNewViewController.swift in Sources */ = {isa = PBXBuildFile; fileRef = DC01B8511F0494FF002784E7 /* ImNewViewController.swift */; };
		DCE363171F05610600725F11 /* MeetTheTeamViewController.swift in Sources */ = {isa = PBXBuildFile; fileRef = DC01B8521F0494FF002784E7 /* MeetTheTeamViewController.swift */; };
		DCE363181F05610600725F11 /* SocialViewController.swift in Sources */ = {isa = PBXBuildFile; fileRef = DC01B8531F0494FF002784E7 /* SocialViewController.swift */; };
		DCE363191F05610600725F11 /* WebsiteViewController.swift in Sources */ = {isa = PBXBuildFile; fileRef = DC01B8541F0494FF002784E7 /* WebsiteViewController.swift */; };
		DCE3631B1F05610600725F11 /* DetailViewController.swift in Sources */ = {isa = PBXBuildFile; fileRef = DC01B8571F0494FF002784E7 /* DetailViewController.swift */; };
		DCE3631C1F05610600725F11 /* MasterViewController.swift in Sources */ = {isa = PBXBuildFile; fileRef = DC01B8581F0494FF002784E7 /* MasterViewController.swift */; };
		DCF88FD420AE4E9000516C2D /* ViewControllerExtension.swift in Sources */ = {isa = PBXBuildFile; fileRef = DCF88FD320AE4E9000516C2D /* ViewControllerExtension.swift */; };
/* End PBXBuildFile section */

/* Begin PBXContainerItemProxy section */
		41FCF8041CF21719006C366E /* PBXContainerItemProxy */ = {
			isa = PBXContainerItemProxy;
			containerPortal = 41FCF7E51CF21719006C366E /* Project object */;
			proxyType = 1;
			remoteGlobalIDString = 41FCF7EC1CF21719006C366E;
			remoteInfo = "Thrive Community Church";
		};
		41FCF80F1CF21719006C366E /* PBXContainerItemProxy */ = {
			isa = PBXContainerItemProxy;
			containerPortal = 41FCF7E51CF21719006C366E /* Project object */;
			proxyType = 1;
			remoteGlobalIDString = 41FCF7EC1CF21719006C366E;
			remoteInfo = "Thrive Community Church";
		};
/* End PBXContainerItemProxy section */

/* Begin PBXCopyFilesBuildPhase section */
		EA37C15F1D85E13100D450EF /* Embed App Extensions */ = {
			isa = PBXCopyFilesBuildPhase;
			buildActionMask = 2147483647;
			dstPath = "";
			dstSubfolderSpec = 13;
			files = (
			);
			name = "Embed App Extensions";
			runOnlyForDeploymentPostprocessing = 0;
		};
/* End PBXCopyFilesBuildPhase section */

/* Begin PBXFileReference section */
		3A9E35DFAAD06ADCF74FFB55 /* Pods-Thrive Church Official App.release.xcconfig */ = {isa = PBXFileReference; includeInIndex = 1; lastKnownFileType = text.xcconfig; name = "Pods-Thrive Church Official App.release.xcconfig"; path = "Pods/Target Support Files/Pods-Thrive Church Official App/Pods-Thrive Church Official App.release.xcconfig"; sourceTree = "<group>"; };
		41341BF71D08716B0070AEF5 /* Social.framework */ = {isa = PBXFileReference; lastKnownFileType = wrapper.framework; name = Social.framework; path = System/Library/Frameworks/Social.framework; sourceTree = SDKROOT; };
		413C263B1CFE3EFC00D8AE26 /* MessageUI.framework */ = {isa = PBXFileReference; lastKnownFileType = wrapper.framework; name = MessageUI.framework; path = System/Library/Frameworks/MessageUI.framework; sourceTree = SDKROOT; };
		41FCF7ED1CF21719006C366E /* Thrive Church Official App.app */ = {isa = PBXFileReference; explicitFileType = wrapper.application; includeInIndex = 0; path = "Thrive Church Official App.app"; sourceTree = BUILT_PRODUCTS_DIR; };
		41FCF7F01CF21719006C366E /* AppDelegate.swift */ = {isa = PBXFileReference; lastKnownFileType = sourcecode.swift; path = AppDelegate.swift; sourceTree = "<group>"; };
		41FCF8031CF21719006C366E /* Thrive Church Official App.xctest */ = {isa = PBXFileReference; explicitFileType = wrapper.cfbundle; includeInIndex = 0; path = "Thrive Church Official App.xctest"; sourceTree = BUILT_PRODUCTS_DIR; };
		41FCF8071CF21719006C366E /* Thrive_Community_ChurchTests.swift */ = {isa = PBXFileReference; lastKnownFileType = sourcecode.swift; path = Thrive_Community_ChurchTests.swift; sourceTree = "<group>"; };
		41FCF8091CF21719006C366E /* Info.plist */ = {isa = PBXFileReference; lastKnownFileType = text.plist.xml; path = Info.plist; sourceTree = "<group>"; };
		41FCF80E1CF21719006C366E /* Thrive Church Official App.xctest */ = {isa = PBXFileReference; explicitFileType = wrapper.cfbundle; includeInIndex = 0; path = "Thrive Church Official App.xctest"; sourceTree = BUILT_PRODUCTS_DIR; };
		41FCF8121CF21719006C366E /* Thrive_Community_ChurchUITests.swift */ = {isa = PBXFileReference; lastKnownFileType = sourcecode.swift; path = Thrive_Community_ChurchUITests.swift; sourceTree = "<group>"; };
		41FCF8141CF21719006C366E /* Info.plist */ = {isa = PBXFileReference; lastKnownFileType = text.plist.xml; path = Info.plist; sourceTree = "<group>"; };
		41FF24A51D171EC30048E6AF /* AudioToolbox.framework */ = {isa = PBXFileReference; lastKnownFileType = wrapper.framework; name = AudioToolbox.framework; path = System/Library/Frameworks/AudioToolbox.framework; sourceTree = SDKROOT; };
		41FF24A61D171EC30048E6AF /* CoreAudio.framework */ = {isa = PBXFileReference; lastKnownFileType = wrapper.framework; name = CoreAudio.framework; path = System/Library/Frameworks/CoreAudio.framework; sourceTree = SDKROOT; };
		4714A7A16BA99F85B961AA2C /* Pods-Thrive Church Official AppUITests.debug.xcconfig */ = {isa = PBXFileReference; includeInIndex = 1; lastKnownFileType = text.xcconfig; name = "Pods-Thrive Church Official AppUITests.debug.xcconfig"; path = "Pods/Target Support Files/Pods-Thrive Church Official AppUITests/Pods-Thrive Church Official AppUITests.debug.xcconfig"; sourceTree = "<group>"; };
		4A83C4A0DC8A0489DE7DA4CD /* Pods_Thrive_Church_Official_AppTests.framework */ = {isa = PBXFileReference; explicitFileType = wrapper.framework; includeInIndex = 0; path = Pods_Thrive_Church_Official_AppTests.framework; sourceTree = BUILT_PRODUCTS_DIR; };
		69ABBACFA710DB195E637DB9 /* Pods-Thrive Church Official AppUITests.release.xcconfig */ = {isa = PBXFileReference; includeInIndex = 1; lastKnownFileType = text.xcconfig; name = "Pods-Thrive Church Official AppUITests.release.xcconfig"; path = "Pods/Target Support Files/Pods-Thrive Church Official AppUITests/Pods-Thrive Church Official AppUITests.release.xcconfig"; sourceTree = "<group>"; };
		72CB99E1F4640C3FCA51CD9F /* Pods_Thrive_Church_Official_App.framework */ = {isa = PBXFileReference; explicitFileType = wrapper.framework; includeInIndex = 0; path = Pods_Thrive_Church_Official_App.framework; sourceTree = BUILT_PRODUCTS_DIR; };
		768FC5C5EEAA1D1B388D8D19 /* Pods-Thrive Church Official AppTests.release.xcconfig */ = {isa = PBXFileReference; includeInIndex = 1; lastKnownFileType = text.xcconfig; name = "Pods-Thrive Church Official AppTests.release.xcconfig"; path = "Pods/Target Support Files/Pods-Thrive Church Official AppTests/Pods-Thrive Church Official AppTests.release.xcconfig"; sourceTree = "<group>"; };
		7CAFC81711DE067EE192456F /* Pods_Thrive_Church_Official_AppUITests.framework */ = {isa = PBXFileReference; explicitFileType = wrapper.framework; includeInIndex = 0; path = Pods_Thrive_Church_Official_AppUITests.framework; sourceTree = BUILT_PRODUCTS_DIR; };
		AC65D2616E3DDC1C6E1EF387 /* Pods-Thrive Church Official AppTests.debug.xcconfig */ = {isa = PBXFileReference; includeInIndex = 1; lastKnownFileType = text.xcconfig; name = "Pods-Thrive Church Official AppTests.debug.xcconfig"; path = "Pods/Target Support Files/Pods-Thrive Church Official AppTests/Pods-Thrive Church Official AppTests.debug.xcconfig"; sourceTree = "<group>"; };
		AFC35240AEAFA3ADBFDE705E /* Pods-Thrive Church Official App.debug.xcconfig */ = {isa = PBXFileReference; includeInIndex = 1; lastKnownFileType = text.xcconfig; name = "Pods-Thrive Church Official App.debug.xcconfig"; path = "Pods/Target Support Files/Pods-Thrive Church Official App/Pods-Thrive Church Official App.debug.xcconfig"; sourceTree = "<group>"; };
		DC01B7F01F04921B002784E7 /* Info.plist */ = {isa = PBXFileReference; lastKnownFileType = text.plist.xml; path = Info.plist; sourceTree = "<group>"; };
		DC01B7F21F04936E002784E7 /* LaunchScreen.storyboard */ = {isa = PBXFileReference; lastKnownFileType = file.storyboard; path = LaunchScreen.storyboard; sourceTree = "<group>"; };
		DC01B83C1F0494FF002784E7 /* ContactButtonViewController.swift */ = {isa = PBXFileReference; lastKnownFileType = sourcecode.swift; path = ContactButtonViewController.swift; sourceTree = "<group>"; };
		DC01B83D1F0494FF002784E7 /* DirectionsViewController.swift */ = {isa = PBXFileReference; lastKnownFileType = sourcecode.swift; path = DirectionsViewController.swift; sourceTree = "<group>"; };
		DC01B8421F0494FF002784E7 /* FGCUNotificationsViewController.swift */ = {isa = PBXFileReference; lastKnownFileType = sourcecode.swift; path = FGCUNotificationsViewController.swift; sourceTree = "<group>"; };
		DC01B8431F0494FF002784E7 /* FGCUSiteViewController.swift */ = {isa = PBXFileReference; lastKnownFileType = sourcecode.swift; path = FGCUSiteViewController.swift; sourceTree = "<group>"; };
		DC01B8441F0494FF002784E7 /* FGCUSocialViewController.swift */ = {isa = PBXFileReference; lastKnownFileType = sourcecode.swift; path = FGCUSocialViewController.swift; sourceTree = "<group>"; };
		DC01B8451F0494FF002784E7 /* ThriveFGCUViewController.swift */ = {isa = PBXFileReference; lastKnownFileType = sourcecode.swift; path = ThriveFGCUViewController.swift; sourceTree = "<group>"; };
		DC01B8461F0494FF002784E7 /* MailChimpViewController.swift */ = {isa = PBXFileReference; lastKnownFileType = sourcecode.swift; path = MailChimpViewController.swift; sourceTree = "<group>"; };
		DC01B8471F0494FF002784E7 /* PrayerRequestsViewController.swift */ = {isa = PBXFileReference; lastKnownFileType = sourcecode.swift; path = PrayerRequestsViewController.swift; sourceTree = "<group>"; };
		DC01B8481F0494FF002784E7 /* ServeViewController.swift */ = {isa = PBXFileReference; lastKnownFileType = sourcecode.swift; path = ServeViewController.swift; sourceTree = "<group>"; };
		DC01B8491F0494FF002784E7 /* SmallGroupViewController.swift */ = {isa = PBXFileReference; lastKnownFileType = sourcecode.swift; path = SmallGroupViewController.swift; sourceTree = "<group>"; };
		DC01B84B1F0494FF002784E7 /* SermonsViewController.swift */ = {isa = PBXFileReference; lastKnownFileType = sourcecode.swift; path = SermonsViewController.swift; sourceTree = "<group>"; };
		DC01B84D1F0494FF002784E7 /* AboutViewController.swift */ = {isa = PBXFileReference; lastKnownFileType = sourcecode.swift; path = AboutViewController.swift; sourceTree = "<group>"; };
		DC01B8501F0494FF002784E7 /* giveViewController.swift */ = {isa = PBXFileReference; lastKnownFileType = sourcecode.swift; path = giveViewController.swift; sourceTree = "<group>"; };
		DC01B8511F0494FF002784E7 /* ImNewViewController.swift */ = {isa = PBXFileReference; lastKnownFileType = sourcecode.swift; path = ImNewViewController.swift; sourceTree = "<group>"; };
		DC01B8521F0494FF002784E7 /* MeetTheTeamViewController.swift */ = {isa = PBXFileReference; lastKnownFileType = sourcecode.swift; path = MeetTheTeamViewController.swift; sourceTree = "<group>"; };
		DC01B8531F0494FF002784E7 /* SocialViewController.swift */ = {isa = PBXFileReference; lastKnownFileType = sourcecode.swift; path = SocialViewController.swift; sourceTree = "<group>"; };
		DC01B8541F0494FF002784E7 /* WebsiteViewController.swift */ = {isa = PBXFileReference; lastKnownFileType = sourcecode.swift; path = WebsiteViewController.swift; sourceTree = "<group>"; };
		DC01B8571F0494FF002784E7 /* DetailViewController.swift */ = {isa = PBXFileReference; lastKnownFileType = sourcecode.swift; path = DetailViewController.swift; sourceTree = "<group>"; };
		DC01B8581F0494FF002784E7 /* MasterViewController.swift */ = {isa = PBXFileReference; lastKnownFileType = sourcecode.swift; path = MasterViewController.swift; sourceTree = "<group>"; };
		DC0FB22A21CB400300908D06 /* SermonsCollectionViewCell.swift */ = {isa = PBXFileReference; lastKnownFileType = sourcecode.swift; path = SermonsCollectionViewCell.swift; sourceTree = "<group>"; };
		DC0FB22C21CB406900908D06 /* ListenCollectionViewController.swift */ = {isa = PBXFileReference; lastKnownFileType = sourcecode.swift; path = ListenCollectionViewController.swift; sourceTree = "<group>"; };
		DC21E1F020FBEDBA0054437D /* OnboardingController.swift */ = {isa = PBXFileReference; lastKnownFileType = sourcecode.swift; path = OnboardingController.swift; sourceTree = "<group>"; };
		DC21E1F220FBEE690054437D /* OnboardingPage.swift */ = {isa = PBXFileReference; lastKnownFileType = sourcecode.swift; path = OnboardingPage.swift; sourceTree = "<group>"; };
		DC21E1F520FBF0660054437D /* OnboardingCell.swift */ = {isa = PBXFileReference; lastKnownFileType = sourcecode.swift; path = OnboardingCell.swift; sourceTree = "<group>"; };
		DC21E1F720FBF1040054437D /* OnboardingControllerExtension.swift */ = {isa = PBXFileReference; lastKnownFileType = sourcecode.swift; path = OnboardingControllerExtension.swift; sourceTree = "<group>"; };
		DC2667DE1F37FBA20020424C /* SettingsViewController.swift */ = {isa = PBXFileReference; lastKnownFileType = sourcecode.swift; path = SettingsViewController.swift; sourceTree = "<group>"; };
		DC2D8F8120DC60CE00C9C938 /* OpenBiblePassageViewController.swift */ = {isa = PBXFileReference; lastKnownFileType = sourcecode.swift; path = OpenBiblePassageViewController.swift; sourceTree = "<group>"; };
		DC2D8F8320DC64D000C9C938 /* BiblePassage.swift */ = {isa = PBXFileReference; lastKnownFileType = sourcecode.swift; path = BiblePassage.swift; sourceTree = "<group>"; };
		DC2D8F8920DC6E1700C9C938 /* TraditionalSortBibleTableViewController.swift */ = {isa = PBXFileReference; lastKnownFileType = sourcecode.swift; path = TraditionalSortBibleTableViewController.swift; sourceTree = "<group>"; };
		DC2D8F8D20DC712A00C9C938 /* TableViewControllerExtension.swift */ = {isa = PBXFileReference; lastKnownFileType = sourcecode.swift; path = TableViewControllerExtension.swift; sourceTree = "<group>"; };
		DC3835231F68D82600F05E8B /* NotificationCenter.framework */ = {isa = PBXFileReference; lastKnownFileType = wrapper.framework; name = NotificationCenter.framework; path = System/Library/Frameworks/NotificationCenter.framework; sourceTree = SDKROOT; };
		DC3835281F68D8C800F05E8B /* GoogleToolboxForMac.framework */ = {isa = PBXFileReference; explicitFileType = wrapper.framework; path = GoogleToolboxForMac.framework; sourceTree = BUILT_PRODUCTS_DIR; };
		DC3835291F68D8C800F05E8B /* nanopb.framework */ = {isa = PBXFileReference; explicitFileType = wrapper.framework; path = nanopb.framework; sourceTree = BUILT_PRODUCTS_DIR; };
		DC38352A1F68D8C800F05E8B /* Protobuf.framework */ = {isa = PBXFileReference; explicitFileType = wrapper.framework; path = Protobuf.framework; sourceTree = BUILT_PRODUCTS_DIR; };
		DC45330020B468A90021C796 /* WebViewExtension.swift */ = {isa = PBXFileReference; lastKnownFileType = sourcecode.swift; path = WebViewExtension.swift; sourceTree = "<group>"; };
		DC5325061D3AA70D00BDB2B6 /* Thrive Community Church.entitlements */ = {isa = PBXFileReference; lastKnownFileType = text.xml; path = "Thrive Community Church.entitlements"; sourceTree = "<group>"; };
		DC593B1A1F56542000616A28 /* GoogleService-Info.plist */ = {isa = PBXFileReference; lastKnownFileType = text.plist.xml; path = "GoogleService-Info.plist"; sourceTree = "<group>"; };
		DC64031C2057821E00176BFB /* DeviceTypeExtension.swift */ = {isa = PBXFileReference; lastKnownFileType = sourcecode.swift; path = DeviceTypeExtension.swift; sourceTree = "<group>"; };
		DC64031E205783DE00176BFB /* TimestampExtension.swift */ = {isa = PBXFileReference; lastKnownFileType = sourcecode.swift; path = TimestampExtension.swift; sourceTree = "<group>"; };
		DC7348B621D539FB0057227D /* SermonSeriesSummaryResponse.swift */ = {isa = PBXFileReference; lastKnownFileType = sourcecode.swift; path = SermonSeriesSummaryResponse.swift; sourceTree = "<group>"; };
		DC7348B821D5D2500057227D /* UIImageViewExtension.swift */ = {isa = PBXFileReference; lastKnownFileType = sourcecode.swift; path = UIImageViewExtension.swift; sourceTree = "<group>"; };
		DC7348BA21D5DE720057227D /* SermonSeriesResponse.swift */ = {isa = PBXFileReference; lastKnownFileType = sourcecode.swift; path = SermonSeriesResponse.swift; sourceTree = "<group>"; };
		DC7348BC21D5EE550057227D /* SeriesViewController.swift */ = {isa = PBXFileReference; lastKnownFileType = sourcecode.swift; path = SeriesViewController.swift; sourceTree = "<group>"; };
		DC7348BE21D6AB800057227D /* SermonMessage.swift */ = {isa = PBXFileReference; lastKnownFileType = sourcecode.swift; path = "\U0010SermonMessage.swift"; sourceTree = "<group>"; };
		DC7348C021D6AE5F0057227D /* SermonMessageTableViewCell.swift */ = {isa = PBXFileReference; lastKnownFileType = sourcecode.swift; path = SermonMessageTableViewCell.swift; sourceTree = "<group>"; };
		DC7348C221D6BDFE0057227D /* StringExtensions.swift */ = {isa = PBXFileReference; lastKnownFileType = sourcecode.swift; path = StringExtensions.swift; sourceTree = "<group>"; };
		DC7348C421D6F8070057227D /* LivestreamingResponse.swift */ = {isa = PBXFileReference; lastKnownFileType = sourcecode.swift; path = LivestreamingResponse.swift; sourceTree = "<group>"; };
		DC7652711EEB5395007C0998 /* Assets.xcassets */ = {isa = PBXFileReference; lastKnownFileType = folder.assetcatalog; path = Assets.xcassets; sourceTree = "<group>"; };
		DC80C45321D7391700AF08E1 /* LivePollingResponse.swift */ = {isa = PBXFileReference; lastKnownFileType = sourcecode.swift; path = LivePollingResponse.swift; sourceTree = "<group>"; };
		DCA554461F6AD47B00E00006 /* Protobuf.framework */ = {isa = PBXFileReference; explicitFileType = wrapper.framework; path = Protobuf.framework; sourceTree = BUILT_PRODUCTS_DIR; };
		DCB61AF921CB009B0049FCA2 /* Config.plist */ = {isa = PBXFileReference; lastKnownFileType = text.plist.xml; path = Config.plist; sourceTree = "<group>"; };
		DCB61AFD21CB07B60049FCA2 /* ApplicationVariables.swift */ = {isa = PBXFileReference; lastKnownFileType = sourcecode.swift; path = ApplicationVariables.swift; sourceTree = "<group>"; };
		DCBA77AE20E1F49D002F6C17 /* AlphabeticalSortBibleTableViewController.swift */ = {isa = PBXFileReference; lastKnownFileType = sourcecode.swift; path = AlphabeticalSortBibleTableViewController.swift; sourceTree = "<group>"; };
		DCBCE19621D11F6500E3DCA4 /* SermonSeriesSummary.swift */ = {isa = PBXFileReference; lastKnownFileType = sourcecode.swift; path = SermonSeriesSummary.swift; sourceTree = "<group>"; };
		DCBCE19921D1204A00E3DCA4 /* ListenCollectionViewControllerRepoExtension.swift */ = {isa = PBXFileReference; lastKnownFileType = sourcecode.swift; path = ListenCollectionViewControllerRepoExtension.swift; sourceTree = "<group>"; };
		DCC2398B20FFFDC7005973FA /* UIColorExtension.swift */ = {isa = PBXFileReference; lastKnownFileType = sourcecode.swift; path = UIColorExtension.swift; sourceTree = "<group>"; };
		DCC9D46E1F316A7C0055F548 /* ContactModalViewController.swift */ = {isa = PBXFileReference; lastKnownFileType = sourcecode.swift; path = ContactModalViewController.swift; sourceTree = "<group>"; };
		DCCC096E1F68DEC5003395C0 /* UserNotifications.framework */ = {isa = PBXFileReference; lastKnownFileType = wrapper.framework; name = UserNotifications.framework; path = System/Library/Frameworks/UserNotifications.framework; sourceTree = SDKROOT; };
		DCE362BF1F05603300725F11 /* Main.storyboard */ = {isa = PBXFileReference; lastKnownFileType = file.storyboard; path = Main.storyboard; sourceTree = "<group>"; };
		DCF88FD320AE4E9000516C2D /* ViewControllerExtension.swift */ = {isa = PBXFileReference; lastKnownFileType = sourcecode.swift; path = ViewControllerExtension.swift; sourceTree = "<group>"; };
		EA37C14F1D85BEE500D450EF /* Thrive Church Official App.entitlements */ = {isa = PBXFileReference; lastKnownFileType = text.plist.entitlements; name = "Thrive Church Official App.entitlements"; path = "../Thrive Church Official App.entitlements"; sourceTree = "<group>"; };
/* End PBXFileReference section */

/* Begin PBXFrameworksBuildPhase section */
		41FCF7EA1CF21719006C366E /* Frameworks */ = {
			isa = PBXFrameworksBuildPhase;
			buildActionMask = 2147483647;
			files = (
				DCDFCE5C1FA00C700011AEC3 /* Pods_Thrive_Church_Official_App.framework in Frameworks */,
				41FF24A81D171EC30048E6AF /* CoreAudio.framework in Frameworks */,
				41341BF81D08716B0070AEF5 /* Social.framework in Frameworks */,
				413C263C1CFE3EFC00D8AE26 /* MessageUI.framework in Frameworks */,
			);
			runOnlyForDeploymentPostprocessing = 0;
		};
		41FCF8001CF21719006C366E /* Frameworks */ = {
			isa = PBXFrameworksBuildPhase;
			buildActionMask = 2147483647;
			files = (
				0A375A98E0209F4B791D23EA /* Pods_Thrive_Church_Official_AppTests.framework in Frameworks */,
			);
			runOnlyForDeploymentPostprocessing = 0;
		};
		41FCF80B1CF21719006C366E /* Frameworks */ = {
			isa = PBXFrameworksBuildPhase;
			buildActionMask = 2147483647;
			files = (
				68C52DF074924D43C5FEBA5A /* Pods_Thrive_Church_Official_AppUITests.framework in Frameworks */,
			);
			runOnlyForDeploymentPostprocessing = 0;
		};
/* End PBXFrameworksBuildPhase section */

/* Begin PBXGroup section */
		2BCCCAB7592EFC8351ADA4D8 /* Pods */ = {
			isa = PBXGroup;
			children = (
				AFC35240AEAFA3ADBFDE705E /* Pods-Thrive Church Official App.debug.xcconfig */,
				3A9E35DFAAD06ADCF74FFB55 /* Pods-Thrive Church Official App.release.xcconfig */,
				AC65D2616E3DDC1C6E1EF387 /* Pods-Thrive Church Official AppTests.debug.xcconfig */,
				768FC5C5EEAA1D1B388D8D19 /* Pods-Thrive Church Official AppTests.release.xcconfig */,
				4714A7A16BA99F85B961AA2C /* Pods-Thrive Church Official AppUITests.debug.xcconfig */,
				69ABBACFA710DB195E637DB9 /* Pods-Thrive Church Official AppUITests.release.xcconfig */,
			);
			name = Pods;
			sourceTree = "<group>";
		};
		41FCF7E41CF21719006C366E = {
			isa = PBXGroup;
			children = (
				DCB61AF921CB009B0049FCA2 /* Config.plist */,
				DC593B1A1F56542000616A28 /* GoogleService-Info.plist */,
				DCE362BF1F05603300725F11 /* Main.storyboard */,
				DC01B7F21F04936E002784E7 /* LaunchScreen.storyboard */,
				DC7652711EEB5395007C0998 /* Assets.xcassets */,
				41FF24A51D171EC30048E6AF /* AudioToolbox.framework */,
				41FF24A61D171EC30048E6AF /* CoreAudio.framework */,
				41341BF71D08716B0070AEF5 /* Social.framework */,
				413C263B1CFE3EFC00D8AE26 /* MessageUI.framework */,
				41FCF7EF1CF21719006C366E /* Thrive Community Church */,
				41FCF8061CF21719006C366E /* Thrive Community ChurchTests */,
				41FCF8111CF21719006C366E /* Thrive Community ChurchUITests */,
				41FCF7EE1CF21719006C366E /* Products */,
				2BCCCAB7592EFC8351ADA4D8 /* Pods */,
				C7C0921F61B47B791415949E /* Frameworks */,
			);
			sourceTree = "<group>";
		};
		41FCF7EE1CF21719006C366E /* Products */ = {
			isa = PBXGroup;
			children = (
				41FCF7ED1CF21719006C366E /* Thrive Church Official App.app */,
				41FCF8031CF21719006C366E /* Thrive Church Official App.xctest */,
				41FCF80E1CF21719006C366E /* Thrive Church Official App.xctest */,
			);
			name = Products;
			sourceTree = "<group>";
		};
		41FCF7EF1CF21719006C366E /* Thrive Community Church */ = {
			isa = PBXGroup;
			children = (
				DC5325061D3AA70D00BDB2B6 /* Thrive Community Church.entitlements */,
				41FCF7F01CF21719006C366E /* AppDelegate.swift */,
				DC01B7F71F0494FF002784E7 /* MainViewControllers */,
				DC01B7F41F0494EE002784E7 /* Extensions */,
				DC01B7EF1F04921B002784E7 /* Properties */,
				EA37C14F1D85BEE500D450EF /* Thrive Church Official App.entitlements */,
			);
			path = "Thrive Community Church";
			sourceTree = "<group>";
		};
		41FCF8061CF21719006C366E /* Thrive Community ChurchTests */ = {
			isa = PBXGroup;
			children = (
				41FCF8071CF21719006C366E /* Thrive_Community_ChurchTests.swift */,
				41FCF8091CF21719006C366E /* Info.plist */,
			);
			path = "Thrive Community ChurchTests";
			sourceTree = "<group>";
		};
		41FCF8111CF21719006C366E /* Thrive Community ChurchUITests */ = {
			isa = PBXGroup;
			children = (
				41FCF8121CF21719006C366E /* Thrive_Community_ChurchUITests.swift */,
				41FCF8141CF21719006C366E /* Info.plist */,
			);
			path = "Thrive Community ChurchUITests";
			sourceTree = "<group>";
		};
		C7C0921F61B47B791415949E /* Frameworks */ = {
			isa = PBXGroup;
			children = (
				DCA554461F6AD47B00E00006 /* Protobuf.framework */,
				DCCC096E1F68DEC5003395C0 /* UserNotifications.framework */,
				DC3835281F68D8C800F05E8B /* GoogleToolboxForMac.framework */,
				DC3835291F68D8C800F05E8B /* nanopb.framework */,
				DC38352A1F68D8C800F05E8B /* Protobuf.framework */,
				DC3835231F68D82600F05E8B /* NotificationCenter.framework */,
				72CB99E1F4640C3FCA51CD9F /* Pods_Thrive_Church_Official_App.framework */,
				4A83C4A0DC8A0489DE7DA4CD /* Pods_Thrive_Church_Official_AppTests.framework */,
				7CAFC81711DE067EE192456F /* Pods_Thrive_Church_Official_AppUITests.framework */,
			);
			name = Frameworks;
			sourceTree = "<group>";
		};
		DC01B7EF1F04921B002784E7 /* Properties */ = {
			isa = PBXGroup;
			children = (
				DC01B7F01F04921B002784E7 /* Info.plist */,
			);
			path = Properties;
			sourceTree = "<group>";
		};
		DC01B7F41F0494EE002784E7 /* Extensions */ = {
			isa = PBXGroup;
			children = (
				DCB61AFD21CB07B60049FCA2 /* ApplicationVariables.swift */,
				DC64031C2057821E00176BFB /* DeviceTypeExtension.swift */,
				DC64031E205783DE00176BFB /* TimestampExtension.swift */,
				DCF88FD320AE4E9000516C2D /* ViewControllerExtension.swift */,
				DC45330020B468A90021C796 /* WebViewExtension.swift */,
				DC2D8F8D20DC712A00C9C938 /* TableViewControllerExtension.swift */,
				DCC2398B20FFFDC7005973FA /* UIColorExtension.swift */,
				DC7348B821D5D2500057227D /* UIImageViewExtension.swift */,
				DC21E1F420FBEE820054437D /* Onboarding */,
				DC7348C221D6BDFE0057227D /* StringExtensions.swift */,
			);
			path = Extensions;
			sourceTree = "<group>";
		};
		DC01B7F71F0494FF002784E7 /* MainViewControllers */ = {
			isa = PBXGroup;
			children = (
				DC01B7F81F0494FF002784E7 /* Bible */,
				DC01B83B1F0494FF002784E7 /* Connect */,
				DC01B84A1F0494FF002784E7 /* Listen */,
				DC01B84C1F0494FF002784E7 /* More */,
				DC01B8561F0494FF002784E7 /* Notes */,
			);
			path = MainViewControllers;
			sourceTree = "<group>";
		};
		DC01B7F81F0494FF002784E7 /* Bible */ = {
			isa = PBXGroup;
			children = (
				DC2D8F8120DC60CE00C9C938 /* OpenBiblePassageViewController.swift */,
				DC2D8F8320DC64D000C9C938 /* BiblePassage.swift */,
				DC2D8F8920DC6E1700C9C938 /* TraditionalSortBibleTableViewController.swift */,
				DCBA77AE20E1F49D002F6C17 /* AlphabeticalSortBibleTableViewController.swift */,
			);
			path = Bible;
			sourceTree = "<group>";
		};
		DC01B83B1F0494FF002784E7 /* Connect */ = {
			isa = PBXGroup;
			children = (
				DCC9D46E1F316A7C0055F548 /* ContactModalViewController.swift */,
				DC01B83C1F0494FF002784E7 /* ContactButtonViewController.swift */,
				DC01B83D1F0494FF002784E7 /* DirectionsViewController.swift */,
				DC01B83F1F0494FF002784E7 /* FGCU */,
				DC01B8461F0494FF002784E7 /* MailChimpViewController.swift */,
				DC01B8471F0494FF002784E7 /* PrayerRequestsViewController.swift */,
				DC01B8481F0494FF002784E7 /* ServeViewController.swift */,
				DC01B8491F0494FF002784E7 /* SmallGroupViewController.swift */,
			);
			path = Connect;
			sourceTree = "<group>";
		};
		DC01B83F1F0494FF002784E7 /* FGCU */ = {
			isa = PBXGroup;
			children = (
				DC01B8421F0494FF002784E7 /* FGCUNotificationsViewController.swift */,
				DC01B8431F0494FF002784E7 /* FGCUSiteViewController.swift */,
				DC01B8441F0494FF002784E7 /* FGCUSocialViewController.swift */,
				DC01B8451F0494FF002784E7 /* ThriveFGCUViewController.swift */,
			);
			path = FGCU;
			sourceTree = "<group>";
		};
		DC01B84A1F0494FF002784E7 /* Listen */ = {
			isa = PBXGroup;
			children = (
				DCBCE19821D1200F00E3DCA4 /* Models */,
				DC01B84B1F0494FF002784E7 /* SermonsViewController.swift */,
				DC0FB22A21CB400300908D06 /* SermonsCollectionViewCell.swift */,
				DC0FB22C21CB406900908D06 /* ListenCollectionViewController.swift */,
				DCBCE19921D1204A00E3DCA4 /* ListenCollectionViewControllerRepoExtension.swift */,
				DC7348BC21D5EE550057227D /* SeriesViewController.swift */,
				DC7348C021D6AE5F0057227D /* SermonMessageTableViewCell.swift */,
			);
			path = Listen;
			sourceTree = "<group>";
		};
		DC01B84C1F0494FF002784E7 /* More */ = {
			isa = PBXGroup;
			children = (
				DC01B84D1F0494FF002784E7 /* AboutViewController.swift */,
				DC01B8501F0494FF002784E7 /* giveViewController.swift */,
				DC01B8511F0494FF002784E7 /* ImNewViewController.swift */,
				DC01B8521F0494FF002784E7 /* MeetTheTeamViewController.swift */,
				DC01B8531F0494FF002784E7 /* SocialViewController.swift */,
				DC01B8541F0494FF002784E7 /* WebsiteViewController.swift */,
				DC2667DE1F37FBA20020424C /* SettingsViewController.swift */,
			);
			path = More;
			sourceTree = "<group>";
		};
		DC01B8561F0494FF002784E7 /* Notes */ = {
			isa = PBXGroup;
			children = (
				DC01B8571F0494FF002784E7 /* DetailViewController.swift */,
				DC01B8581F0494FF002784E7 /* MasterViewController.swift */,
			);
			path = Notes;
			sourceTree = "<group>";
		};
		DC21E1F420FBEE820054437D /* Onboarding */ = {
			isa = PBXGroup;
			children = (
				DC21E1F020FBEDBA0054437D /* OnboardingController.swift */,
				DC21E1F220FBEE690054437D /* OnboardingPage.swift */,
				DC21E1F520FBF0660054437D /* OnboardingCell.swift */,
				DC21E1F720FBF1040054437D /* OnboardingControllerExtension.swift */,
			);
			path = Onboarding;
			sourceTree = "<group>";
		};
		DCBCE19821D1200F00E3DCA4 /* Models */ = {
			isa = PBXGroup;
			children = (
				DCBCE19621D11F6500E3DCA4 /* SermonSeriesSummary.swift */,
				DC7348B621D539FB0057227D /* SermonSeriesSummaryResponse.swift */,
				DC7348BA21D5DE720057227D /* SermonSeriesResponse.swift */,
				DC7348BE21D6AB800057227D /* SermonMessage.swift */,
				DC7348C421D6F8070057227D /* LivestreamingResponse.swift */,
				DC80C45321D7391700AF08E1 /* LivePollingResponse.swift */,
			);
			path = Models;
			sourceTree = "<group>";
		};
/* End PBXGroup section */

/* Begin PBXNativeTarget section */
		41FCF7EC1CF21719006C366E /* Thrive Church Official App */ = {
			isa = PBXNativeTarget;
			buildConfigurationList = 41FCF8171CF21719006C366E /* Build configuration list for PBXNativeTarget "Thrive Church Official App" */;
			buildPhases = (
				DC974C8A3BE4A129CEEF0528 /* [CP] Check Pods Manifest.lock */,
				41FCF7E91CF21719006C366E /* Sources */,
				41FCF7EA1CF21719006C366E /* Frameworks */,
				41FCF7EB1CF21719006C366E /* Resources */,
				0029630EC3F9BA85531C325F /* [CP] Embed Pods Frameworks */,
				EA971F011D63B301007C3A2B /* ShellScript */,
				EA37C15F1D85E13100D450EF /* Embed App Extensions */,
			);
			buildRules = (
			);
			dependencies = (
			);
			name = "Thrive Church Official App";
			productName = "Thrive Community Church";
			productReference = 41FCF7ED1CF21719006C366E /* Thrive Church Official App.app */;
			productType = "com.apple.product-type.application";
		};
		41FCF8021CF21719006C366E /* Thrive Church Official AppTests */ = {
			isa = PBXNativeTarget;
			buildConfigurationList = 41FCF81A1CF21719006C366E /* Build configuration list for PBXNativeTarget "Thrive Church Official AppTests" */;
			buildPhases = (
				E2DF469C0714D8BDB99EEE23 /* [CP] Check Pods Manifest.lock */,
				41FCF7FF1CF21719006C366E /* Sources */,
				41FCF8001CF21719006C366E /* Frameworks */,
				41FCF8011CF21719006C366E /* Resources */,
			);
			buildRules = (
			);
			dependencies = (
				41FCF8051CF21719006C366E /* PBXTargetDependency */,
			);
			name = "Thrive Church Official AppTests";
			productName = "Thrive Community ChurchTests";
			productReference = 41FCF8031CF21719006C366E /* Thrive Church Official App.xctest */;
			productType = "com.apple.product-type.bundle.unit-test";
		};
		41FCF80D1CF21719006C366E /* Thrive Church Official AppUITests */ = {
			isa = PBXNativeTarget;
			buildConfigurationList = 41FCF81D1CF21719006C366E /* Build configuration list for PBXNativeTarget "Thrive Church Official AppUITests" */;
			buildPhases = (
				BE6096902B326C6C7BB6C340 /* [CP] Check Pods Manifest.lock */,
				41FCF80A1CF21719006C366E /* Sources */,
				41FCF80B1CF21719006C366E /* Frameworks */,
				41FCF80C1CF21719006C366E /* Resources */,
			);
			buildRules = (
			);
			dependencies = (
				41FCF8101CF21719006C366E /* PBXTargetDependency */,
			);
			name = "Thrive Church Official AppUITests";
			productName = "Thrive Community ChurchUITests";
			productReference = 41FCF80E1CF21719006C366E /* Thrive Church Official App.xctest */;
			productType = "com.apple.product-type.bundle.ui-testing";
		};
/* End PBXNativeTarget section */

/* Begin PBXProject section */
		41FCF7E51CF21719006C366E /* Project object */ = {
			isa = PBXProject;
			attributes = {
				KnownAssetTags = (
					twitter,
				);
				LastSwiftUpdateCheck = 0900;
				LastUpgradeCheck = 0900;
				ORGANIZATIONNAME = "Thrive Community Church";
				TargetAttributes = {
					41FCF7EC1CF21719006C366E = {
						CreatedOnToolsVersion = 7.3.1;
						DevelopmentTeam = 87ME42WJYA;
						LastSwiftMigration = 0900;
						ProvisioningStyle = Automatic;
						SystemCapabilities = {
							com.apple.BackgroundModes = {
								enabled = 1;
							};
							com.apple.InterAppAudio = {
								enabled = 0;
							};
							com.apple.Keychain = {
								enabled = 0;
							};
							com.apple.Maps.iOS = {
								enabled = 0;
							};
							com.apple.Push = {
								enabled = 1;
							};
						};
					};
					41FCF8021CF21719006C366E = {
						CreatedOnToolsVersion = 7.3.1;
						LastSwiftMigration = 0900;
						TestTargetID = 41FCF7EC1CF21719006C366E;
					};
					41FCF80D1CF21719006C366E = {
						CreatedOnToolsVersion = 7.3.1;
						LastSwiftMigration = 0900;
						TestTargetID = 41FCF7EC1CF21719006C366E;
					};
				};
			};
			buildConfigurationList = 41FCF7E81CF21719006C366E /* Build configuration list for PBXProject "Thrive Church Official App" */;
			compatibilityVersion = "Xcode 3.2";
			developmentRegion = English;
			hasScannedForEncodings = 0;
			knownRegions = (
				en,
				Base,
			);
			mainGroup = 41FCF7E41CF21719006C366E;
			productRefGroup = 41FCF7EE1CF21719006C366E /* Products */;
			projectDirPath = "";
			projectRoot = "";
			targets = (
				41FCF7EC1CF21719006C366E /* Thrive Church Official App */,
				41FCF8021CF21719006C366E /* Thrive Church Official AppTests */,
				41FCF80D1CF21719006C366E /* Thrive Church Official AppUITests */,
			);
		};
/* End PBXProject section */

/* Begin PBXResourcesBuildPhase section */
		41FCF7EB1CF21719006C366E /* Resources */ = {
			isa = PBXResourcesBuildPhase;
			buildActionMask = 2147483647;
			files = (
				DCA554441F6AD46600E00006 /* GoogleService-Info.plist in Resources */,
				DCE362C01F0560E400725F11 /* Main.storyboard in Resources */,
				DCE362C11F0560E400725F11 /* LaunchScreen.storyboard in Resources */,
				DCB61AFA21CB009B0049FCA2 /* Config.plist in Resources */,
				DC7652721EEB5395007C0998 /* Assets.xcassets in Resources */,
			);
			runOnlyForDeploymentPostprocessing = 0;
		};
		41FCF8011CF21719006C366E /* Resources */ = {
			isa = PBXResourcesBuildPhase;
			buildActionMask = 2147483647;
			files = (
			);
			runOnlyForDeploymentPostprocessing = 0;
		};
		41FCF80C1CF21719006C366E /* Resources */ = {
			isa = PBXResourcesBuildPhase;
			buildActionMask = 2147483647;
			files = (
			);
			runOnlyForDeploymentPostprocessing = 0;
		};
/* End PBXResourcesBuildPhase section */

/* Begin PBXShellScriptBuildPhase section */
		0029630EC3F9BA85531C325F /* [CP] Embed Pods Frameworks */ = {
			isa = PBXShellScriptBuildPhase;
			buildActionMask = 2147483647;
			files = (
			);
			inputPaths = (
				"${SRCROOT}/Pods/Target Support Files/Pods-Thrive Church Official App/Pods-Thrive Church Official App-frameworks.sh",
				"${BUILT_PRODUCTS_DIR}/GoogleToolboxForMac/GoogleToolboxForMac.framework",
				"${BUILT_PRODUCTS_DIR}/nanopb/nanopb.framework",
			);
			name = "[CP] Embed Pods Frameworks";
			outputPaths = (
				"${TARGET_BUILD_DIR}/${FRAMEWORKS_FOLDER_PATH}/GoogleToolboxForMac.framework",
				"${TARGET_BUILD_DIR}/${FRAMEWORKS_FOLDER_PATH}/nanopb.framework",
			);
			runOnlyForDeploymentPostprocessing = 0;
			shellPath = /bin/sh;
			shellScript = "\"${SRCROOT}/Pods/Target Support Files/Pods-Thrive Church Official App/Pods-Thrive Church Official App-frameworks.sh\"\n";
			showEnvVarsInLog = 0;
		};
		BE6096902B326C6C7BB6C340 /* [CP] Check Pods Manifest.lock */ = {
			isa = PBXShellScriptBuildPhase;
			buildActionMask = 2147483647;
			files = (
			);
			inputPaths = (
				"${PODS_PODFILE_DIR_PATH}/Podfile.lock",
				"${PODS_ROOT}/Manifest.lock",
			);
			name = "[CP] Check Pods Manifest.lock";
			outputPaths = (
				"$(DERIVED_FILE_DIR)/Pods-Thrive Church Official AppUITests-checkManifestLockResult.txt",
			);
			runOnlyForDeploymentPostprocessing = 0;
			shellPath = /bin/sh;
			shellScript = "diff \"${PODS_PODFILE_DIR_PATH}/Podfile.lock\" \"${PODS_ROOT}/Manifest.lock\" > /dev/null\nif [ $? != 0 ] ; then\n    # print error to STDERR\n    echo \"error: The sandbox is not in sync with the Podfile.lock. Run 'pod install' or update your CocoaPods installation.\" >&2\n    exit 1\nfi\n# This output is used by Xcode 'outputs' to avoid re-running this script phase.\necho \"SUCCESS\" > \"${SCRIPT_OUTPUT_FILE_0}\"\n";
			showEnvVarsInLog = 0;
		};
		DC974C8A3BE4A129CEEF0528 /* [CP] Check Pods Manifest.lock */ = {
			isa = PBXShellScriptBuildPhase;
			buildActionMask = 2147483647;
			files = (
			);
			inputPaths = (
				"${PODS_PODFILE_DIR_PATH}/Podfile.lock",
				"${PODS_ROOT}/Manifest.lock",
			);
			name = "[CP] Check Pods Manifest.lock";
			outputPaths = (
				"$(DERIVED_FILE_DIR)/Pods-Thrive Church Official App-checkManifestLockResult.txt",
			);
			runOnlyForDeploymentPostprocessing = 0;
			shellPath = /bin/sh;
			shellScript = "diff \"${PODS_PODFILE_DIR_PATH}/Podfile.lock\" \"${PODS_ROOT}/Manifest.lock\" > /dev/null\nif [ $? != 0 ] ; then\n    # print error to STDERR\n    echo \"error: The sandbox is not in sync with the Podfile.lock. Run 'pod install' or update your CocoaPods installation.\" >&2\n    exit 1\nfi\n# This output is used by Xcode 'outputs' to avoid re-running this script phase.\necho \"SUCCESS\" > \"${SCRIPT_OUTPUT_FILE_0}\"\n";
			showEnvVarsInLog = 0;
		};
		E2DF469C0714D8BDB99EEE23 /* [CP] Check Pods Manifest.lock */ = {
			isa = PBXShellScriptBuildPhase;
			buildActionMask = 2147483647;
			files = (
			);
			inputPaths = (
				"${PODS_PODFILE_DIR_PATH}/Podfile.lock",
				"${PODS_ROOT}/Manifest.lock",
			);
			name = "[CP] Check Pods Manifest.lock";
			outputPaths = (
				"$(DERIVED_FILE_DIR)/Pods-Thrive Church Official AppTests-checkManifestLockResult.txt",
			);
			runOnlyForDeploymentPostprocessing = 0;
			shellPath = /bin/sh;
			shellScript = "diff \"${PODS_PODFILE_DIR_PATH}/Podfile.lock\" \"${PODS_ROOT}/Manifest.lock\" > /dev/null\nif [ $? != 0 ] ; then\n    # print error to STDERR\n    echo \"error: The sandbox is not in sync with the Podfile.lock. Run 'pod install' or update your CocoaPods installation.\" >&2\n    exit 1\nfi\n# This output is used by Xcode 'outputs' to avoid re-running this script phase.\necho \"SUCCESS\" > \"${SCRIPT_OUTPUT_FILE_0}\"\n";
			showEnvVarsInLog = 0;
		};
		EA971F011D63B301007C3A2B /* ShellScript */ = {
			isa = PBXShellScriptBuildPhase;
			buildActionMask = 2147483647;
			files = (
			);
			inputPaths = (
			);
			outputPaths = (
			);
			runOnlyForDeploymentPostprocessing = 0;
			shellPath = /bin/sh;
			shellScript = "";
		};
/* End PBXShellScriptBuildPhase section */

/* Begin PBXSourcesBuildPhase section */
		41FCF7E91CF21719006C366E /* Sources */ = {
			isa = PBXSourcesBuildPhase;
			buildActionMask = 2147483647;
			files = (
				DC2D8F8A20DC6E1700C9C938 /* TraditionalSortBibleTableViewController.swift in Sources */,
				DCF88FD420AE4E9000516C2D /* ViewControllerExtension.swift in Sources */,
				DC7348B921D5D2500057227D /* UIImageViewExtension.swift in Sources */,
				DC2D8F8220DC60CE00C9C938 /* OpenBiblePassageViewController.swift in Sources */,
				DC64031D2057821E00176BFB /* DeviceTypeExtension.swift in Sources */,
				DCC9D46F1F316A7C0055F548 /* ContactModalViewController.swift in Sources */,
				DC2D8F8420DC64D000C9C938 /* BiblePassage.swift in Sources */,
				DC64031F205783DE00176BFB /* TimestampExtension.swift in Sources */,
				DC2D8F8E20DC712A00C9C938 /* TableViewControllerExtension.swift in Sources */,
				DCE363041F05610600725F11 /* ContactButtonViewController.swift in Sources */,
				DCBCE19721D11F6500E3DCA4 /* SermonSeriesSummary.swift in Sources */,
				DCE363051F05610600725F11 /* DirectionsViewController.swift in Sources */,
				DC7348C121D6AE5F0057227D /* SermonMessageTableViewCell.swift in Sources */,
				DC45330120B468A90021C796 /* WebViewExtension.swift in Sources */,
				DC2667DF1F37FBA20020424C /* SettingsViewController.swift in Sources */,
				DC7348C521D6F8070057227D /* LivestreamingResponse.swift in Sources */,
				DC80C45421D7391700AF08E1 /* LivePollingResponse.swift in Sources */,
				DC21E1F620FBF0660054437D /* OnboardingCell.swift in Sources */,
				DC21E1F120FBEDBA0054437D /* OnboardingController.swift in Sources */,
				DC0FB22B21CB400300908D06 /* SermonsCollectionViewCell.swift in Sources */,
				DCE363091F05610600725F11 /* FGCUNotificationsViewController.swift in Sources */,
				DC7348BD21D5EE550057227D /* SeriesViewController.swift in Sources */,
				DCE3630A1F05610600725F11 /* FGCUSiteViewController.swift in Sources */,
				DCE3630B1F05610600725F11 /* FGCUSocialViewController.swift in Sources */,
				DCE3630C1F05610600725F11 /* ThriveFGCUViewController.swift in Sources */,
				DC21E1F320FBEE690054437D /* OnboardingPage.swift in Sources */,
				DC7348C321D6BDFE0057227D /* StringExtensions.swift in Sources */,
				DCE3630D1F05610600725F11 /* MailChimpViewController.swift in Sources */,
				DC0FB22D21CB406900908D06 /* ListenCollectionViewController.swift in Sources */,
				DCE3630E1F05610600725F11 /* PrayerRequestsViewController.swift in Sources */,
				DCC2398C20FFFDC7005973FA /* UIColorExtension.swift in Sources */,
				DCE3630F1F05610600725F11 /* ServeViewController.swift in Sources */,
				DC21E1F820FBF1040054437D /* OnboardingControllerExtension.swift in Sources */,
				DCE363101F05610600725F11 /* SmallGroupViewController.swift in Sources */,
				DC7348B721D539FB0057227D /* SermonSeriesSummaryResponse.swift in Sources */,
				DCE363111F05610600725F11 /* SermonsViewController.swift in Sources */,
				DC7348BB21D5DE720057227D /* SermonSeriesResponse.swift in Sources */,
				DCE363121F05610600725F11 /* AboutViewController.swift in Sources */,
				DCE363151F05610600725F11 /* giveViewController.swift in Sources */,
				DCE363161F05610600725F11 /* ImNewViewController.swift in Sources */,
				DCBCE19A21D1204A00E3DCA4 /* ListenCollectionViewControllerRepoExtension.swift in Sources */,
				DCB61AFE21CB07B60049FCA2 /* ApplicationVariables.swift in Sources */,
				DCBA77AF20E1F49D002F6C17 /* AlphabeticalSortBibleTableViewController.swift in Sources */,
				DCE363171F05610600725F11 /* MeetTheTeamViewController.swift in Sources */,
				DC7348BF21D6AB800057227D /* SermonMessage.swift in Sources */,
				DCE363181F05610600725F11 /* SocialViewController.swift in Sources */,
				DCE363191F05610600725F11 /* WebsiteViewController.swift in Sources */,
				DCE3631B1F05610600725F11 /* DetailViewController.swift in Sources */,
				DCE3631C1F05610600725F11 /* MasterViewController.swift in Sources */,
				41FCF7F11CF21719006C366E /* AppDelegate.swift in Sources */,
			);
			runOnlyForDeploymentPostprocessing = 0;
		};
		41FCF7FF1CF21719006C366E /* Sources */ = {
			isa = PBXSourcesBuildPhase;
			buildActionMask = 2147483647;
			files = (
				41FCF8081CF21719006C366E /* Thrive_Community_ChurchTests.swift in Sources */,
			);
			runOnlyForDeploymentPostprocessing = 0;
		};
		41FCF80A1CF21719006C366E /* Sources */ = {
			isa = PBXSourcesBuildPhase;
			buildActionMask = 2147483647;
			files = (
				DC98E1CD1D354F5500C9395B /* Thrive_Community_ChurchUITests.swift in Sources */,
			);
			runOnlyForDeploymentPostprocessing = 0;
		};
/* End PBXSourcesBuildPhase section */

/* Begin PBXTargetDependency section */
		41FCF8051CF21719006C366E /* PBXTargetDependency */ = {
			isa = PBXTargetDependency;
			target = 41FCF7EC1CF21719006C366E /* Thrive Church Official App */;
			targetProxy = 41FCF8041CF21719006C366E /* PBXContainerItemProxy */;
		};
		41FCF8101CF21719006C366E /* PBXTargetDependency */ = {
			isa = PBXTargetDependency;
			target = 41FCF7EC1CF21719006C366E /* Thrive Church Official App */;
			targetProxy = 41FCF80F1CF21719006C366E /* PBXContainerItemProxy */;
		};
/* End PBXTargetDependency section */

/* Begin XCBuildConfiguration section */
		41FCF8151CF21719006C366E /* Debug */ = {
			isa = XCBuildConfiguration;
			buildSettings = {
				ALWAYS_SEARCH_USER_PATHS = NO;
				CLANG_ANALYZER_NONNULL = YES;
				CLANG_CXX_LANGUAGE_STANDARD = "gnu++0x";
				CLANG_CXX_LIBRARY = "libc++";
				CLANG_ENABLE_MODULES = YES;
				CLANG_ENABLE_OBJC_ARC = YES;
				CLANG_WARN_BLOCK_CAPTURE_AUTORELEASING = YES;
				CLANG_WARN_BOOL_CONVERSION = YES;
				CLANG_WARN_COMMA = YES;
				CLANG_WARN_CONSTANT_CONVERSION = YES;
				CLANG_WARN_DIRECT_OBJC_ISA_USAGE = YES_ERROR;
				CLANG_WARN_EMPTY_BODY = YES;
				CLANG_WARN_ENUM_CONVERSION = YES;
				CLANG_WARN_INFINITE_RECURSION = YES;
				CLANG_WARN_INT_CONVERSION = YES;
				CLANG_WARN_NON_LITERAL_NULL_CONVERSION = YES;
				CLANG_WARN_OBJC_LITERAL_CONVERSION = YES;
				CLANG_WARN_OBJC_ROOT_CLASS = YES_ERROR;
				CLANG_WARN_RANGE_LOOP_ANALYSIS = YES;
				CLANG_WARN_STRICT_PROTOTYPES = YES;
				CLANG_WARN_SUSPICIOUS_MOVE = YES;
				CLANG_WARN_UNREACHABLE_CODE = YES;
				CLANG_WARN__DUPLICATE_METHOD_MATCH = YES;
				CODE_SIGN_IDENTITY = "iPhone Developer";
				"CODE_SIGN_IDENTITY[sdk=iphoneos*]" = "iPhone Developer";
				COPY_PHASE_STRIP = NO;
				DEBUG_INFORMATION_FORMAT = dwarf;
				ENABLE_STRICT_OBJC_MSGSEND = YES;
				ENABLE_TESTABILITY = YES;
				GCC_C_LANGUAGE_STANDARD = gnu99;
				GCC_DYNAMIC_NO_PIC = NO;
				GCC_NO_COMMON_BLOCKS = YES;
				GCC_OPTIMIZATION_LEVEL = 0;
				GCC_PREPROCESSOR_DEFINITIONS = (
					"DEBUG=1",
					"$(inherited)",
				);
				GCC_WARN_64_TO_32_BIT_CONVERSION = YES;
				GCC_WARN_ABOUT_RETURN_TYPE = YES_ERROR;
				GCC_WARN_UNDECLARED_SELECTOR = YES;
				GCC_WARN_UNINITIALIZED_AUTOS = YES_AGGRESSIVE;
				GCC_WARN_UNUSED_FUNCTION = YES;
				GCC_WARN_UNUSED_VARIABLE = YES;
				IPHONEOS_DEPLOYMENT_TARGET = 10.0;
				MACH_O_TYPE = mh_execute;
				MTL_ENABLE_DEBUG_INFO = YES;
				ONLY_ACTIVE_ARCH = YES;
				PROVISIONING_PROFILE = "";
				SDKROOT = iphoneos;
				SWIFT_OPTIMIZATION_LEVEL = "-Onone";
			};
			name = Debug;
		};
		41FCF8161CF21719006C366E /* Release */ = {
			isa = XCBuildConfiguration;
			buildSettings = {
				ALWAYS_SEARCH_USER_PATHS = NO;
				CLANG_ANALYZER_NONNULL = YES;
				CLANG_CXX_LANGUAGE_STANDARD = "gnu++0x";
				CLANG_CXX_LIBRARY = "libc++";
				CLANG_ENABLE_MODULES = YES;
				CLANG_ENABLE_OBJC_ARC = YES;
				CLANG_WARN_BLOCK_CAPTURE_AUTORELEASING = YES;
				CLANG_WARN_BOOL_CONVERSION = YES;
				CLANG_WARN_COMMA = YES;
				CLANG_WARN_CONSTANT_CONVERSION = YES;
				CLANG_WARN_DIRECT_OBJC_ISA_USAGE = YES_ERROR;
				CLANG_WARN_EMPTY_BODY = YES;
				CLANG_WARN_ENUM_CONVERSION = YES;
				CLANG_WARN_INFINITE_RECURSION = YES;
				CLANG_WARN_INT_CONVERSION = YES;
				CLANG_WARN_NON_LITERAL_NULL_CONVERSION = YES;
				CLANG_WARN_OBJC_LITERAL_CONVERSION = YES;
				CLANG_WARN_OBJC_ROOT_CLASS = YES_ERROR;
				CLANG_WARN_RANGE_LOOP_ANALYSIS = YES;
				CLANG_WARN_STRICT_PROTOTYPES = YES;
				CLANG_WARN_SUSPICIOUS_MOVE = YES;
				CLANG_WARN_UNREACHABLE_CODE = YES;
				CLANG_WARN__DUPLICATE_METHOD_MATCH = YES;
				"CODE_SIGN_IDENTITY[sdk=iphoneos*]" = "iPhone Developer";
				COPY_PHASE_STRIP = NO;
				DEBUG_INFORMATION_FORMAT = "dwarf-with-dsym";
				ENABLE_NS_ASSERTIONS = NO;
				ENABLE_STRICT_OBJC_MSGSEND = YES;
				GCC_C_LANGUAGE_STANDARD = gnu99;
				GCC_NO_COMMON_BLOCKS = YES;
				GCC_WARN_64_TO_32_BIT_CONVERSION = YES;
				GCC_WARN_ABOUT_RETURN_TYPE = YES_ERROR;
				GCC_WARN_UNDECLARED_SELECTOR = YES;
				GCC_WARN_UNINITIALIZED_AUTOS = YES_AGGRESSIVE;
				GCC_WARN_UNUSED_FUNCTION = YES;
				GCC_WARN_UNUSED_VARIABLE = YES;
				IPHONEOS_DEPLOYMENT_TARGET = 10.0;
				MACH_O_TYPE = mh_execute;
				MTL_ENABLE_DEBUG_INFO = NO;
				PROVISIONING_PROFILE = "";
				SDKROOT = iphoneos;
				VALIDATE_PRODUCT = YES;
			};
			name = Release;
		};
		41FCF8181CF21719006C366E /* Debug */ = {
			isa = XCBuildConfiguration;
			baseConfigurationReference = AFC35240AEAFA3ADBFDE705E /* Pods-Thrive Church Official App.debug.xcconfig */;
			buildSettings = {
				ASSETCATALOG_COMPILER_APPICON_NAME = AppIcon;
				CODE_SIGN_ENTITLEMENTS = "Thrive Church Official App.entitlements";
				CODE_SIGN_IDENTITY = "iPhone Developer";
				"CODE_SIGN_IDENTITY[sdk=iphoneos*]" = "iPhone Developer";
				DEVELOPMENT_TEAM = 87ME42WJYA;
				INFOPLIST_FILE = "$(SRCROOT)/Thrive Community Church/Properties/Info.plist";
				IPHONEOS_DEPLOYMENT_TARGET = 10.0;
				LD_RUNPATH_SEARCH_PATHS = "$(inherited) @executable_path/Frameworks";
				PRODUCT_BUNDLE_IDENTIFIER = "com.thrive-fl.ThriveCommunityChurch";
				PRODUCT_NAME = "Thrive Church Official App";
				PROVISIONING_PROFILE = "";
				SWIFT_SWIFT3_OBJC_INFERENCE = Off;
				SWIFT_VERSION = 4.0;
				TARGETED_DEVICE_FAMILY = 1;
				VERSIONING_SYSTEM = "apple-generic";
			};
			name = Debug;
		};
		41FCF8191CF21719006C366E /* Release */ = {
			isa = XCBuildConfiguration;
			baseConfigurationReference = 3A9E35DFAAD06ADCF74FFB55 /* Pods-Thrive Church Official App.release.xcconfig */;
			buildSettings = {
				ASSETCATALOG_COMPILER_APPICON_NAME = AppIcon;
				CODE_SIGN_ENTITLEMENTS = "Thrive Church Official App.entitlements";
				CODE_SIGN_IDENTITY = "iPhone Developer";
				"CODE_SIGN_IDENTITY[sdk=iphoneos*]" = "iPhone Developer";
				DEVELOPMENT_TEAM = 87ME42WJYA;
				INFOPLIST_FILE = "$(SRCROOT)/Thrive Community Church/Properties/Info.plist";
				IPHONEOS_DEPLOYMENT_TARGET = 10.0;
				LD_RUNPATH_SEARCH_PATHS = "$(inherited) @executable_path/Frameworks";
				PRODUCT_BUNDLE_IDENTIFIER = "com.thrive-fl.ThriveCommunityChurch";
				PRODUCT_NAME = "Thrive Church Official App";
				PROVISIONING_PROFILE = "";
				SWIFT_OPTIMIZATION_LEVEL = "-Owholemodule";
				SWIFT_SWIFT3_OBJC_INFERENCE = Off;
				SWIFT_VERSION = 4.0;
				TARGETED_DEVICE_FAMILY = 1;
				VERSIONING_SYSTEM = "apple-generic";
			};
			name = Release;
		};
		41FCF81B1CF21719006C366E /* Debug */ = {
			isa = XCBuildConfiguration;
			baseConfigurationReference = AC65D2616E3DDC1C6E1EF387 /* Pods-Thrive Church Official AppTests.debug.xcconfig */;
			buildSettings = {
				BUNDLE_LOADER = "$(TEST_HOST)";
				INFOPLIST_FILE = "Thrive Community ChurchTests/Info.plist";
				LD_RUNPATH_SEARCH_PATHS = "$(inherited) @executable_path/Frameworks @loader_path/Frameworks";
				PRODUCT_BUNDLE_IDENTIFIER = "com.thrive-fld.Thrive-Community-ChurchTests";
				PRODUCT_NAME = "Thrive Church Official App";
				SWIFT_SWIFT3_OBJC_INFERENCE = On;
				SWIFT_VERSION = 4.0;
				TEST_HOST = "$(BUILT_PRODUCTS_DIR)/Thrive Church Official App.app/Thrive Church Official App";
			};
			name = Debug;
		};
		41FCF81C1CF21719006C366E /* Release */ = {
			isa = XCBuildConfiguration;
			baseConfigurationReference = 768FC5C5EEAA1D1B388D8D19 /* Pods-Thrive Church Official AppTests.release.xcconfig */;
			buildSettings = {
				BUNDLE_LOADER = "$(TEST_HOST)";
				INFOPLIST_FILE = "Thrive Community ChurchTests/Info.plist";
				LD_RUNPATH_SEARCH_PATHS = "$(inherited) @executable_path/Frameworks @loader_path/Frameworks";
				PRODUCT_BUNDLE_IDENTIFIER = "com.thrive-fld.Thrive-Community-ChurchTests";
				PRODUCT_NAME = "Thrive Church Official App";
				SWIFT_OPTIMIZATION_LEVEL = "-Owholemodule";
				SWIFT_SWIFT3_OBJC_INFERENCE = On;
				SWIFT_VERSION = 4.0;
				TEST_HOST = "$(BUILT_PRODUCTS_DIR)/Thrive Church Official App.app/Thrive Church Official App";
			};
			name = Release;
		};
		41FCF81E1CF21719006C366E /* Debug */ = {
			isa = XCBuildConfiguration;
			baseConfigurationReference = 4714A7A16BA99F85B961AA2C /* Pods-Thrive Church Official AppUITests.debug.xcconfig */;
			buildSettings = {
				INFOPLIST_FILE = "Thrive Community ChurchUITests/Info.plist";
				LD_RUNPATH_SEARCH_PATHS = "$(inherited) @executable_path/Frameworks @loader_path/Frameworks";
				PRODUCT_BUNDLE_IDENTIFIER = "com.thrive-fld.Thrive-Community-ChurchUITests";
				PRODUCT_NAME = "Thrive Church Official App";
				SWIFT_SWIFT3_OBJC_INFERENCE = On;
				SWIFT_VERSION = 4.0;
				TEST_TARGET_NAME = "Thrive Community Church";
			};
			name = Debug;
		};
		41FCF81F1CF21719006C366E /* Release */ = {
			isa = XCBuildConfiguration;
			baseConfigurationReference = 69ABBACFA710DB195E637DB9 /* Pods-Thrive Church Official AppUITests.release.xcconfig */;
			buildSettings = {
				INFOPLIST_FILE = "Thrive Community ChurchUITests/Info.plist";
				LD_RUNPATH_SEARCH_PATHS = "$(inherited) @executable_path/Frameworks @loader_path/Frameworks";
				PRODUCT_BUNDLE_IDENTIFIER = "com.thrive-fld.Thrive-Community-ChurchUITests";
				PRODUCT_NAME = "Thrive Church Official App";
				SWIFT_OPTIMIZATION_LEVEL = "-Owholemodule";
				SWIFT_SWIFT3_OBJC_INFERENCE = On;
				SWIFT_VERSION = 4.0;
				TEST_TARGET_NAME = "Thrive Community Church";
			};
			name = Release;
		};
/* End XCBuildConfiguration section */

/* Begin XCConfigurationList section */
		41FCF7E81CF21719006C366E /* Build configuration list for PBXProject "Thrive Church Official App" */ = {
			isa = XCConfigurationList;
			buildConfigurations = (
				41FCF8151CF21719006C366E /* Debug */,
				41FCF8161CF21719006C366E /* Release */,
			);
			defaultConfigurationIsVisible = 0;
			defaultConfigurationName = Release;
		};
		41FCF8171CF21719006C366E /* Build configuration list for PBXNativeTarget "Thrive Church Official App" */ = {
			isa = XCConfigurationList;
			buildConfigurations = (
				41FCF8181CF21719006C366E /* Debug */,
				41FCF8191CF21719006C366E /* Release */,
			);
			defaultConfigurationIsVisible = 0;
			defaultConfigurationName = Release;
		};
		41FCF81A1CF21719006C366E /* Build configuration list for PBXNativeTarget "Thrive Church Official AppTests" */ = {
			isa = XCConfigurationList;
			buildConfigurations = (
				41FCF81B1CF21719006C366E /* Debug */,
				41FCF81C1CF21719006C366E /* Release */,
			);
			defaultConfigurationIsVisible = 0;
			defaultConfigurationName = Release;
		};
		41FCF81D1CF21719006C366E /* Build configuration list for PBXNativeTarget "Thrive Church Official AppUITests" */ = {
			isa = XCConfigurationList;
			buildConfigurations = (
				41FCF81E1CF21719006C366E /* Debug */,
				41FCF81F1CF21719006C366E /* Release */,
			);
			defaultConfigurationIsVisible = 0;
			defaultConfigurationName = Release;
		};
/* End XCConfigurationList section */
	};
	rootObject = 41FCF7E51CF21719006C366E /* Project object */;
}
